// !$*UTF8*$!
{
	archiveVersion = 1;
	classes = {
	};
	objectVersion = 46;
	objects = {

/* Begin PBXBuildFile section */
		E5358F5C15B2A8BB00FFAAF3 /* gplaypattern.png in Resources */ = {isa = PBXBuildFile; fileRef = E5358F5B15B2A8BB00FFAAF3 /* gplaypattern.png */; };
		E5358F6515B2B0B900FFAAF3 /* blackArrow.png in Resources */ = {isa = PBXBuildFile; fileRef = E5358F6115B2B0B900FFAAF3 /* blackArrow.png */; };
		E5358F6615B2B0B900FFAAF3 /* blackArrow@2x.png in Resources */ = {isa = PBXBuildFile; fileRef = E5358F6215B2B0B900FFAAF3 /* blackArrow@2x.png */; };
		E5358F6715B2B0B900FFAAF3 /* blueArrow.png in Resources */ = {isa = PBXBuildFile; fileRef = E5358F6315B2B0B900FFAAF3 /* blueArrow.png */; };
		E5358F6815B2B0B900FFAAF3 /* blueArrow@2x.png in Resources */ = {isa = PBXBuildFile; fileRef = E5358F6415B2B0B900FFAAF3 /* blueArrow@2x.png */; };
		E5358F7915B2B76E00FFAAF3 /* background.png in Resources */ = {isa = PBXBuildFile; fileRef = E5358F7715B2B76E00FFAAF3 /* background.png */; };
		E5358F7A15B2B76E00FFAAF3 /* background@2x.png in Resources */ = {isa = PBXBuildFile; fileRef = E5358F7815B2B76E00FFAAF3 /* background@2x.png */; };
		E5358F8F15B2CEAD00FFAAF3 /* arrow.png in Resources */ = {isa = PBXBuildFile; fileRef = E5358F8E15B2CEAD00FFAAF3 /* arrow.png */; };
		E5358FB115B3372600FFAAF3 /* FilterViewController.m in Sources */ = {isa = PBXBuildFile; fileRef = E5358FAF15B3372600FFAAF3 /* FilterViewController.m */; };
		E5358FB215B3372600FFAAF3 /* FilterViewController.xib in Resources */ = {isa = PBXBuildFile; fileRef = E5358FB015B3372600FFAAF3 /* FilterViewController.xib */; };
		E5358FB515B3373900FFAAF3 /* RevealController.m in Sources */ = {isa = PBXBuildFile; fileRef = E5358FB415B3373900FFAAF3 /* RevealController.m */; };
		E5358FB815B35BF800FFAAF3 /* ButtonMenu.png in Resources */ = {isa = PBXBuildFile; fileRef = E5358FB615B35BF800FFAAF3 /* ButtonMenu.png */; };
		E5358FB915B35BF800FFAAF3 /* ButtonMenu@2x.png in Resources */ = {isa = PBXBuildFile; fileRef = E5358FB715B35BF800FFAAF3 /* ButtonMenu@2x.png */; };
		E5358FD915B378CA00FFAAF3 /* ZUUIRevealController.m in Sources */ = {isa = PBXBuildFile; fileRef = E5358FD815B378CA00FFAAF3 /* ZUUIRevealController.m */; };
		E5358FDD15B378DD00FFAAF3 /* DACircularProgressView.m in Sources */ = {isa = PBXBuildFile; fileRef = E5358FDC15B378DD00FFAAF3 /* DACircularProgressView.m */; settings = {COMPILER_FLAGS = "-fobjc-arc"; }; };
		E5358FE215B382D700FFAAF3 /* NavBar.xib in Resources */ = {isa = PBXBuildFile; fileRef = E5358FE015B382D700FFAAF3 /* NavBar.xib */; };
		E5358FE515B38FB800FFAAF3 /* PUPromptBox.m in Sources */ = {isa = PBXBuildFile; fileRef = E5358FE415B38FB800FFAAF3 /* PUPromptBox.m */; settings = {COMPILER_FLAGS = "-fobjc-arc"; }; };
		E5358FF315B39F3300FFAAF3 /* PromptCenter.m in Sources */ = {isa = PBXBuildFile; fileRef = E5358FF215B39F3300FFAAF3 /* PromptCenter.m */; };
		E5898BD115B1F97B005EBEE0 /* UIKit.framework in Frameworks */ = {isa = PBXBuildFile; fileRef = E5898BD015B1F97B005EBEE0 /* UIKit.framework */; };
		E5898BD315B1F97B005EBEE0 /* Foundation.framework in Frameworks */ = {isa = PBXBuildFile; fileRef = E5898BD215B1F97B005EBEE0 /* Foundation.framework */; };
		E5898BD515B1F97B005EBEE0 /* CoreGraphics.framework in Frameworks */ = {isa = PBXBuildFile; fileRef = E5898BD415B1F97B005EBEE0 /* CoreGraphics.framework */; };
		E5898BDB15B1F97B005EBEE0 /* InfoPlist.strings in Resources */ = {isa = PBXBuildFile; fileRef = E5898BD915B1F97B005EBEE0 /* InfoPlist.strings */; };
		E5898BDD15B1F97B005EBEE0 /* main.m in Sources */ = {isa = PBXBuildFile; fileRef = E5898BDC15B1F97B005EBEE0 /* main.m */; };
		E5898BE115B1F97B005EBEE0 /* PromptAppDelegate.m in Sources */ = {isa = PBXBuildFile; fileRef = E5898BE015B1F97B005EBEE0 /* PromptAppDelegate.m */; };
		E5898BE415B1F97B005EBEE0 /* PromptViewController.m in Sources */ = {isa = PBXBuildFile; fileRef = E5898BE315B1F97B005EBEE0 /* PromptViewController.m */; };
		E5898BE715B1F97B005EBEE0 /* PromptViewController.xib in Resources */ = {isa = PBXBuildFile; fileRef = E5898BE515B1F97B005EBEE0 /* PromptViewController.xib */; };
		E5898BF115B1F9DD005EBEE0 /* Singleton.m in Sources */ = {isa = PBXBuildFile; fileRef = E5898BF015B1F9DD005EBEE0 /* Singleton.m */; };
		E5898BF515B1FF45005EBEE0 /* PromptAPI.m in Sources */ = {isa = PBXBuildFile; fileRef = E5898BF415B1FF45005EBEE0 /* PromptAPI.m */; };
		E598125D15B2454600D2EC95 /* PUPrompt.m in Sources */ = {isa = PBXBuildFile; fileRef = E598125C15B2454600D2EC95 /* PUPrompt.m */; };
		E598126015B2490E00D2EC95 /* PUUser.m in Sources */ = {isa = PBXBuildFile; fileRef = E598125F15B2490E00D2EC95 /* PUUser.m */; };
		E598126715B28F3500D2EC95 /* NSString+Helper.m in Sources */ = {isa = PBXBuildFile; fileRef = E598126615B28F3500D2EC95 /* NSString+Helper.m */; };
		E598126A15B28F9800D2EC95 /* NSData+Helper.m in Sources */ = {isa = PBXBuildFile; fileRef = E598126915B28F9800D2EC95 /* NSData+Helper.m */; };
		E598126F15B2931B00D2EC95 /* RefreshViewController.m in Sources */ = {isa = PBXBuildFile; fileRef = E598126E15B2931B00D2EC95 /* RefreshViewController.m */; };
		E598127215B2937C00D2EC95 /* EGORefreshTableHeaderView.m in Sources */ = {isa = PBXBuildFile; fileRef = E598127115B2937C00D2EC95 /* EGORefreshTableHeaderView.m */; };
		E598127C15B29BA800D2EC95 /* QuartzCore.framework in Frameworks */ = {isa = PBXBuildFile; fileRef = E598127B15B29BA800D2EC95 /* QuartzCore.framework */; };
		E5D88EA015B3E3470040F94B /* MGBox.m in Sources */ = {isa = PBXBuildFile; fileRef = E5D88E9615B3E3470040F94B /* MGBox.m */; settings = {COMPILER_FLAGS = "-fobjc-arc"; }; };
		E5D88EA115B3E3470040F94B /* MGBoxLine.m in Sources */ = {isa = PBXBuildFile; fileRef = E5D88E9815B3E3470040F94B /* MGBoxLine.m */; settings = {COMPILER_FLAGS = "-fobjc-arc"; }; };
		E5D88EA215B3E3470040F94B /* MGButton.m in Sources */ = {isa = PBXBuildFile; fileRef = E5D88E9B15B3E3470040F94B /* MGButton.m */; settings = {COMPILER_FLAGS = "-fobjc-arc"; }; };
		E5D88EA315B3E3470040F94B /* MGScrollView.m in Sources */ = {isa = PBXBuildFile; fileRef = E5D88E9D15B3E3470040F94B /* MGScrollView.m */; settings = {COMPILER_FLAGS = "-fobjc-arc"; }; };
		E5D88EA415B3E3470040F94B /* MGStyledBox.m in Sources */ = {isa = PBXBuildFile; fileRef = E5D88E9F15B3E3470040F94B /* MGStyledBox.m */; settings = {COMPILER_FLAGS = "-fobjc-arc"; }; };
		F2D945DFBC764461B39F0C16 /* libPods.a in Frameworks */ = {isa = PBXBuildFile; fileRef = 26C7D8B792B34516A64B2414 /* libPods.a */; };
/* End PBXBuildFile section */

/* Begin PBXFileReference section */
		26C7D8B792B34516A64B2414 /* libPods.a */ = {isa = PBXFileReference; explicitFileType = archive.ar; includeInIndex = 0; path = libPods.a; sourceTree = BUILT_PRODUCTS_DIR; };
		33ED468521CB4778A782B352 /* Pods.xcconfig */ = {isa = PBXFileReference; includeInIndex = 1; lastKnownFileType = text.xcconfig; name = Pods.xcconfig; path = Pods/Pods.xcconfig; sourceTree = SOURCE_ROOT; };
		E5358F5615B2A48F00FFAAF3 /* PUConstants.h */ = {isa = PBXFileReference; fileEncoding = 4; lastKnownFileType = sourcecode.c.h; path = PUConstants.h; sourceTree = "<group>"; };
		E5358F5B15B2A8BB00FFAAF3 /* gplaypattern.png */ = {isa = PBXFileReference; lastKnownFileType = image.png; path = gplaypattern.png; sourceTree = "<group>"; };
		E5358F6115B2B0B900FFAAF3 /* blackArrow.png */ = {isa = PBXFileReference; lastKnownFileType = image.png; path = blackArrow.png; sourceTree = "<group>"; };
		E5358F6215B2B0B900FFAAF3 /* blackArrow@2x.png */ = {isa = PBXFileReference; lastKnownFileType = image.png; path = "blackArrow@2x.png"; sourceTree = "<group>"; };
		E5358F6315B2B0B900FFAAF3 /* blueArrow.png */ = {isa = PBXFileReference; lastKnownFileType = image.png; path = blueArrow.png; sourceTree = "<group>"; };
		E5358F6415B2B0B900FFAAF3 /* blueArrow@2x.png */ = {isa = PBXFileReference; lastKnownFileType = image.png; path = "blueArrow@2x.png"; sourceTree = "<group>"; };
		E5358F7715B2B76E00FFAAF3 /* background.png */ = {isa = PBXFileReference; lastKnownFileType = image.png; path = background.png; sourceTree = "<group>"; };
		E5358F7815B2B76E00FFAAF3 /* background@2x.png */ = {isa = PBXFileReference; lastKnownFileType = image.png; path = "background@2x.png"; sourceTree = "<group>"; };
		E5358F8E15B2CEAD00FFAAF3 /* arrow.png */ = {isa = PBXFileReference; lastKnownFileType = image.png; path = arrow.png; sourceTree = "<group>"; };
		E5358FAE15B3372600FFAAF3 /* FilterViewController.h */ = {isa = PBXFileReference; fileEncoding = 4; lastKnownFileType = sourcecode.c.h; path = FilterViewController.h; sourceTree = "<group>"; };
		E5358FAF15B3372600FFAAF3 /* FilterViewController.m */ = {isa = PBXFileReference; fileEncoding = 4; lastKnownFileType = sourcecode.c.objc; path = FilterViewController.m; sourceTree = "<group>"; };
		E5358FB015B3372600FFAAF3 /* FilterViewController.xib */ = {isa = PBXFileReference; fileEncoding = 4; lastKnownFileType = file.xib; path = FilterViewController.xib; sourceTree = "<group>"; };
		E5358FB315B3373900FFAAF3 /* RevealController.h */ = {isa = PBXFileReference; fileEncoding = 4; lastKnownFileType = sourcecode.c.h; path = RevealController.h; sourceTree = "<group>"; };
		E5358FB415B3373900FFAAF3 /* RevealController.m */ = {isa = PBXFileReference; fileEncoding = 4; lastKnownFileType = sourcecode.c.objc; path = RevealController.m; sourceTree = "<group>"; };
		E5358FB615B35BF800FFAAF3 /* ButtonMenu.png */ = {isa = PBXFileReference; lastKnownFileType = image.png; path = ButtonMenu.png; sourceTree = "<group>"; };
		E5358FB715B35BF800FFAAF3 /* ButtonMenu@2x.png */ = {isa = PBXFileReference; lastKnownFileType = image.png; path = "ButtonMenu@2x.png"; sourceTree = "<group>"; };
		E5358FD715B378CA00FFAAF3 /* ZUUIRevealController.h */ = {isa = PBXFileReference; fileEncoding = 4; lastKnownFileType = sourcecode.c.h; path = ZUUIRevealController.h; sourceTree = "<group>"; };
		E5358FD815B378CA00FFAAF3 /* ZUUIRevealController.m */ = {isa = PBXFileReference; fileEncoding = 4; lastKnownFileType = sourcecode.c.objc; path = ZUUIRevealController.m; sourceTree = "<group>"; };
		E5358FDB15B378DD00FFAAF3 /* DACircularProgressView.h */ = {isa = PBXFileReference; fileEncoding = 4; lastKnownFileType = sourcecode.c.h; path = DACircularProgressView.h; sourceTree = "<group>"; };
		E5358FDC15B378DD00FFAAF3 /* DACircularProgressView.m */ = {isa = PBXFileReference; fileEncoding = 4; lastKnownFileType = sourcecode.c.objc; path = DACircularProgressView.m; sourceTree = "<group>"; };
		E5358FE015B382D700FFAAF3 /* NavBar.xib */ = {isa = PBXFileReference; fileEncoding = 4; lastKnownFileType = file.xib; path = NavBar.xib; sourceTree = "<group>"; };
		E5358FE315B38FB700FFAAF3 /* PUPromptBox.h */ = {isa = PBXFileReference; fileEncoding = 4; lastKnownFileType = sourcecode.c.h; path = PUPromptBox.h; sourceTree = "<group>"; };
		E5358FE415B38FB800FFAAF3 /* PUPromptBox.m */ = {isa = PBXFileReference; fileEncoding = 4; lastKnownFileType = sourcecode.c.objc; path = PUPromptBox.m; sourceTree = "<group>"; };
		E5358FF115B39F3300FFAAF3 /* PromptCenter.h */ = {isa = PBXFileReference; fileEncoding = 4; lastKnownFileType = sourcecode.c.h; path = PromptCenter.h; sourceTree = "<group>"; };
		E5358FF215B39F3300FFAAF3 /* PromptCenter.m */ = {isa = PBXFileReference; fileEncoding = 4; lastKnownFileType = sourcecode.c.objc; path = PromptCenter.m; sourceTree = "<group>"; };
		E5898BCC15B1F97B005EBEE0 /* Promptu.app */ = {isa = PBXFileReference; explicitFileType = wrapper.application; includeInIndex = 0; path = Promptu.app; sourceTree = BUILT_PRODUCTS_DIR; };
		E5898BD015B1F97B005EBEE0 /* UIKit.framework */ = {isa = PBXFileReference; includeInIndex = 1; lastKnownFileType = wrapper.framework; name = UIKit.framework; path = System/Library/Frameworks/UIKit.framework; sourceTree = SDKROOT; };
		E5898BD215B1F97B005EBEE0 /* Foundation.framework */ = {isa = PBXFileReference; includeInIndex = 1; lastKnownFileType = wrapper.framework; name = Foundation.framework; path = System/Library/Frameworks/Foundation.framework; sourceTree = SDKROOT; };
		E5898BD415B1F97B005EBEE0 /* CoreGraphics.framework */ = {isa = PBXFileReference; includeInIndex = 1; lastKnownFileType = wrapper.framework; name = CoreGraphics.framework; path = System/Library/Frameworks/CoreGraphics.framework; sourceTree = SDKROOT; };
		E5898BD815B1F97B005EBEE0 /* Promptu-Info.plist */ = {isa = PBXFileReference; lastKnownFileType = text.plist.xml; path = "Promptu-Info.plist"; sourceTree = "<group>"; };
		E5898BDA15B1F97B005EBEE0 /* en */ = {isa = PBXFileReference; lastKnownFileType = text.plist.strings; name = en; path = en.lproj/InfoPlist.strings; sourceTree = "<group>"; };
		E5898BDC15B1F97B005EBEE0 /* main.m */ = {isa = PBXFileReference; lastKnownFileType = sourcecode.c.objc; path = main.m; sourceTree = "<group>"; };
		E5898BDE15B1F97B005EBEE0 /* Promptu-Prefix.pch */ = {isa = PBXFileReference; lastKnownFileType = sourcecode.c.h; path = "Promptu-Prefix.pch"; sourceTree = "<group>"; };
		E5898BDF15B1F97B005EBEE0 /* PromptAppDelegate.h */ = {isa = PBXFileReference; lastKnownFileType = sourcecode.c.h; path = PromptAppDelegate.h; sourceTree = "<group>"; };
		E5898BE015B1F97B005EBEE0 /* PromptAppDelegate.m */ = {isa = PBXFileReference; lastKnownFileType = sourcecode.c.objc; path = PromptAppDelegate.m; sourceTree = "<group>"; };
		E5898BE215B1F97B005EBEE0 /* PromptViewController.h */ = {isa = PBXFileReference; lastKnownFileType = sourcecode.c.h; path = PromptViewController.h; sourceTree = "<group>"; };
		E5898BE315B1F97B005EBEE0 /* PromptViewController.m */ = {isa = PBXFileReference; lastKnownFileType = sourcecode.c.objc; path = PromptViewController.m; sourceTree = "<group>"; };
		E5898BE615B1F97B005EBEE0 /* en */ = {isa = PBXFileReference; lastKnownFileType = file.xib; name = en; path = en.lproj/PromptViewController.xib; sourceTree = "<group>"; };
		E5898BEF15B1F9DD005EBEE0 /* Singleton.h */ = {isa = PBXFileReference; fileEncoding = 4; lastKnownFileType = sourcecode.c.h; path = Singleton.h; sourceTree = "<group>"; };
		E5898BF015B1F9DD005EBEE0 /* Singleton.m */ = {isa = PBXFileReference; fileEncoding = 4; lastKnownFileType = sourcecode.c.objc; path = Singleton.m; sourceTree = "<group>"; };
		E5898BF315B1FF45005EBEE0 /* PromptAPI.h */ = {isa = PBXFileReference; fileEncoding = 4; lastKnownFileType = sourcecode.c.h; path = PromptAPI.h; sourceTree = "<group>"; };
		E5898BF415B1FF45005EBEE0 /* PromptAPI.m */ = {isa = PBXFileReference; fileEncoding = 4; lastKnownFileType = sourcecode.c.objc; path = PromptAPI.m; sourceTree = "<group>"; };
		E598125B15B2454600D2EC95 /* PUPrompt.h */ = {isa = PBXFileReference; fileEncoding = 4; lastKnownFileType = sourcecode.c.h; path = PUPrompt.h; sourceTree = "<group>"; };
		E598125C15B2454600D2EC95 /* PUPrompt.m */ = {isa = PBXFileReference; fileEncoding = 4; lastKnownFileType = sourcecode.c.objc; path = PUPrompt.m; sourceTree = "<group>"; };
		E598125E15B2490E00D2EC95 /* PUUser.h */ = {isa = PBXFileReference; fileEncoding = 4; lastKnownFileType = sourcecode.c.h; path = PUUser.h; sourceTree = "<group>"; };
		E598125F15B2490E00D2EC95 /* PUUser.m */ = {isa = PBXFileReference; fileEncoding = 4; lastKnownFileType = sourcecode.c.objc; path = PUUser.m; sourceTree = "<group>"; };
		E598126515B28F3500D2EC95 /* NSString+Helper.h */ = {isa = PBXFileReference; fileEncoding = 4; lastKnownFileType = sourcecode.c.h; path = "NSString+Helper.h"; sourceTree = "<group>"; };
		E598126615B28F3500D2EC95 /* NSString+Helper.m */ = {isa = PBXFileReference; fileEncoding = 4; lastKnownFileType = sourcecode.c.objc; path = "NSString+Helper.m"; sourceTree = "<group>"; };
		E598126815B28F9800D2EC95 /* NSData+Helper.h */ = {isa = PBXFileReference; fileEncoding = 4; lastKnownFileType = sourcecode.c.h; path = "NSData+Helper.h"; sourceTree = "<group>"; };
		E598126915B28F9800D2EC95 /* NSData+Helper.m */ = {isa = PBXFileReference; fileEncoding = 4; lastKnownFileType = sourcecode.c.objc; path = "NSData+Helper.m"; sourceTree = "<group>"; };
		E598126D15B2931B00D2EC95 /* RefreshViewController.h */ = {isa = PBXFileReference; fileEncoding = 4; lastKnownFileType = sourcecode.c.h; name = RefreshViewController.h; path = ../Libraries/IOSBoilerplate/RefreshViewController.h; sourceTree = "<group>"; };
		E598126E15B2931B00D2EC95 /* RefreshViewController.m */ = {isa = PBXFileReference; fileEncoding = 4; lastKnownFileType = sourcecode.c.objc; name = RefreshViewController.m; path = ../Libraries/IOSBoilerplate/RefreshViewController.m; sourceTree = "<group>"; };
		E598127015B2937C00D2EC95 /* EGORefreshTableHeaderView.h */ = {isa = PBXFileReference; fileEncoding = 4; lastKnownFileType = sourcecode.c.h; path = EGORefreshTableHeaderView.h; sourceTree = "<group>"; };
		E598127115B2937C00D2EC95 /* EGORefreshTableHeaderView.m */ = {isa = PBXFileReference; fileEncoding = 4; lastKnownFileType = sourcecode.c.objc; path = EGORefreshTableHeaderView.m; sourceTree = "<group>"; };
		E598127B15B29BA800D2EC95 /* QuartzCore.framework */ = {isa = PBXFileReference; lastKnownFileType = wrapper.framework; name = QuartzCore.framework; path = System/Library/Frameworks/QuartzCore.framework; sourceTree = SDKROOT; };
		E5D88E9515B3E3470040F94B /* MGBox.h */ = {isa = PBXFileReference; fileEncoding = 4; lastKnownFileType = sourcecode.c.h; path = MGBox.h; sourceTree = "<group>"; };
		E5D88E9615B3E3470040F94B /* MGBox.m */ = {isa = PBXFileReference; fileEncoding = 4; lastKnownFileType = sourcecode.c.objc; path = MGBox.m; sourceTree = "<group>"; };
		E5D88E9715B3E3470040F94B /* MGBoxLine.h */ = {isa = PBXFileReference; fileEncoding = 4; lastKnownFileType = sourcecode.c.h; path = MGBoxLine.h; sourceTree = "<group>"; };
		E5D88E9815B3E3470040F94B /* MGBoxLine.m */ = {isa = PBXFileReference; fileEncoding = 4; lastKnownFileType = sourcecode.c.objc; path = MGBoxLine.m; sourceTree = "<group>"; };
		E5D88E9915B3E3470040F94B /* MGBoxProtocol.h */ = {isa = PBXFileReference; fileEncoding = 4; lastKnownFileType = sourcecode.c.h; path = MGBoxProtocol.h; sourceTree = "<group>"; };
		E5D88E9A15B3E3470040F94B /* MGButton.h */ = {isa = PBXFileReference; fileEncoding = 4; lastKnownFileType = sourcecode.c.h; path = MGButton.h; sourceTree = "<group>"; };
		E5D88E9B15B3E3470040F94B /* MGButton.m */ = {isa = PBXFileReference; fileEncoding = 4; lastKnownFileType = sourcecode.c.objc; path = MGButton.m; sourceTree = "<group>"; };
		E5D88E9C15B3E3470040F94B /* MGScrollView.h */ = {isa = PBXFileReference; fileEncoding = 4; lastKnownFileType = sourcecode.c.h; path = MGScrollView.h; sourceTree = "<group>"; };
		E5D88E9D15B3E3470040F94B /* MGScrollView.m */ = {isa = PBXFileReference; fileEncoding = 4; lastKnownFileType = sourcecode.c.objc; path = MGScrollView.m; sourceTree = "<group>"; };
		E5D88E9E15B3E3470040F94B /* MGStyledBox.h */ = {isa = PBXFileReference; fileEncoding = 4; lastKnownFileType = sourcecode.c.h; path = MGStyledBox.h; sourceTree = "<group>"; };
		E5D88E9F15B3E3470040F94B /* MGStyledBox.m */ = {isa = PBXFileReference; fileEncoding = 4; lastKnownFileType = sourcecode.c.objc; path = MGStyledBox.m; sourceTree = "<group>"; };
/* End PBXFileReference section */

/* Begin PBXFrameworksBuildPhase section */
		E5898BC915B1F97B005EBEE0 /* Frameworks */ = {
			isa = PBXFrameworksBuildPhase;
			buildActionMask = 2147483647;
			files = (
				E598127C15B29BA800D2EC95 /* QuartzCore.framework in Frameworks */,
				E5898BD115B1F97B005EBEE0 /* UIKit.framework in Frameworks */,
				E5898BD315B1F97B005EBEE0 /* Foundation.framework in Frameworks */,
				E5898BD515B1F97B005EBEE0 /* CoreGraphics.framework in Frameworks */,
				F2D945DFBC764461B39F0C16 /* libPods.a in Frameworks */,
			);
			runOnlyForDeploymentPostprocessing = 0;
		};
/* End PBXFrameworksBuildPhase section */

/* Begin PBXGroup section */
		E5358F5A15B2A8BB00FFAAF3 /* Resources */ = {
			isa = PBXGroup;
			children = (
				E5358FB615B35BF800FFAAF3 /* ButtonMenu.png */,
				E5358FB715B35BF800FFAAF3 /* ButtonMenu@2x.png */,
				E5358F8E15B2CEAD00FFAAF3 /* arrow.png */,
				E5358F7715B2B76E00FFAAF3 /* background.png */,
				E5358F7815B2B76E00FFAAF3 /* background@2x.png */,
				E5358F6115B2B0B900FFAAF3 /* blackArrow.png */,
				E5358F6215B2B0B900FFAAF3 /* blackArrow@2x.png */,
				E5358F6315B2B0B900FFAAF3 /* blueArrow.png */,
				E5358F6415B2B0B900FFAAF3 /* blueArrow@2x.png */,
				E5358F5B15B2A8BB00FFAAF3 /* gplaypattern.png */,
			);
			path = Resources;
			sourceTree = "<group>";
		};
		E5358FD615B378CA00FFAAF3 /* ZUUIRevealController */ = {
			isa = PBXGroup;
			children = (
				E5358FD715B378CA00FFAAF3 /* ZUUIRevealController.h */,
				E5358FD815B378CA00FFAAF3 /* ZUUIRevealController.m */,
			);
			path = ZUUIRevealController;
			sourceTree = "<group>";
		};
		E5358FDA15B378DD00FFAAF3 /* DACircularProgress */ = {
			isa = PBXGroup;
			children = (
				E5358FDB15B378DD00FFAAF3 /* DACircularProgressView.h */,
				E5358FDC15B378DD00FFAAF3 /* DACircularProgressView.m */,
			);
			path = DACircularProgress;
			sourceTree = "<group>";
		};
		E5358FE615B38FC800FFAAF3 /* Custom */ = {
			isa = PBXGroup;
			children = (
				E5358FEF15B39E5500FFAAF3 /* Boxes */,
				E5358FEE15B39E3B00FFAAF3 /* ViewControllers */,
			);
			name = Custom;
			sourceTree = "<group>";
		};
		E5358FEE15B39E3B00FFAAF3 /* ViewControllers */ = {
			isa = PBXGroup;
			children = (
				E598126D15B2931B00D2EC95 /* RefreshViewController.h */,
				E598126E15B2931B00D2EC95 /* RefreshViewController.m */,
			);
			name = ViewControllers;
			sourceTree = "<group>";
		};
		E5358FEF15B39E5500FFAAF3 /* Boxes */ = {
			isa = PBXGroup;
			children = (
				E5358FE315B38FB700FFAAF3 /* PUPromptBox.h */,
				E5358FE415B38FB800FFAAF3 /* PUPromptBox.m */,
			);
			name = Boxes;
			sourceTree = "<group>";
		};
		E5358FF015B39E7B00FFAAF3 /* Centers */ = {
			isa = PBXGroup;
			children = (
				E5358FF115B39F3300FFAAF3 /* PromptCenter.h */,
				E5358FF215B39F3300FFAAF3 /* PromptCenter.m */,
			);
			name = Centers;
			sourceTree = "<group>";
		};
		E5898BC115B1F97A005EBEE0 = {
			isa = PBXGroup;
			children = (
				E5898BD615B1F97B005EBEE0 /* Promptu */,
				E5898BCF15B1F97B005EBEE0 /* Frameworks */,
				E5898BCD15B1F97B005EBEE0 /* Products */,
				E598126B15B2931B00D2EC95 /* Libraries */,
				E5358F5A15B2A8BB00FFAAF3 /* Resources */,
				33ED468521CB4778A782B352 /* Pods.xcconfig */,
			);
			sourceTree = "<group>";
		};
		E5898BCD15B1F97B005EBEE0 /* Products */ = {
			isa = PBXGroup;
			children = (
				E5898BCC15B1F97B005EBEE0 /* Promptu.app */,
			);
			name = Products;
			sourceTree = "<group>";
		};
		E5898BCF15B1F97B005EBEE0 /* Frameworks */ = {
			isa = PBXGroup;
			children = (
				E598127B15B29BA800D2EC95 /* QuartzCore.framework */,
				E5898BD015B1F97B005EBEE0 /* UIKit.framework */,
				E5898BD215B1F97B005EBEE0 /* Foundation.framework */,
				E5898BD415B1F97B005EBEE0 /* CoreGraphics.framework */,
				26C7D8B792B34516A64B2414 /* libPods.a */,
			);
			name = Frameworks;
			sourceTree = "<group>";
		};
		E5898BD615B1F97B005EBEE0 /* Promptu */ = {
			isa = PBXGroup;
			children = (
				E5898BDF15B1F97B005EBEE0 /* PromptAppDelegate.h */,
				E5898BE015B1F97B005EBEE0 /* PromptAppDelegate.m */,
				E5358FE615B38FC800FFAAF3 /* Custom */,
				E598125615B2417C00D2EC95 /* Model */,
				E5898BF615B1FF6D005EBEE0 /* ViewControllers */,
				E5358FF015B39E7B00FFAAF3 /* Centers */,
				E5898BF215B1FF11005EBEE0 /* API */,
				E5898BED15B1F9B2005EBEE0 /* Util */,
				E5898BD715B1F97B005EBEE0 /* Supporting Files */,
			);
			path = Promptu;
			sourceTree = "<group>";
		};
		E5898BD715B1F97B005EBEE0 /* Supporting Files */ = {
			isa = PBXGroup;
			children = (
				E5898BD815B1F97B005EBEE0 /* Promptu-Info.plist */,
				E5898BD915B1F97B005EBEE0 /* InfoPlist.strings */,
				E5898BDC15B1F97B005EBEE0 /* main.m */,
				E5898BDE15B1F97B005EBEE0 /* Promptu-Prefix.pch */,
				E5358F5615B2A48F00FFAAF3 /* PUConstants.h */,
			);
			name = "Supporting Files";
			sourceTree = "<group>";
		};
		E5898BED15B1F9B2005EBEE0 /* Util */ = {
			isa = PBXGroup;
			children = (
				E5898BEF15B1F9DD005EBEE0 /* Singleton.h */,
				E5898BF015B1F9DD005EBEE0 /* Singleton.m */,
				E598126515B28F3500D2EC95 /* NSString+Helper.h */,
				E598126615B28F3500D2EC95 /* NSString+Helper.m */,
				E598126815B28F9800D2EC95 /* NSData+Helper.h */,
				E598126915B28F9800D2EC95 /* NSData+Helper.m */,
			);
			name = Util;
			sourceTree = "<group>";
		};
		E5898BF215B1FF11005EBEE0 /* API */ = {
			isa = PBXGroup;
			children = (
				E5898BF315B1FF45005EBEE0 /* PromptAPI.h */,
				E5898BF415B1FF45005EBEE0 /* PromptAPI.m */,
			);
			name = API;
			sourceTree = "<group>";
		};
		E5898BF615B1FF6D005EBEE0 /* ViewControllers */ = {
			isa = PBXGroup;
			children = (
				E5898BE215B1F97B005EBEE0 /* PromptViewController.h */,
				E5898BE315B1F97B005EBEE0 /* PromptViewController.m */,
				E5898BE515B1F97B005EBEE0 /* PromptViewController.xib */,
				E5358FAE15B3372600FFAAF3 /* FilterViewController.h */,
				E5358FAF15B3372600FFAAF3 /* FilterViewController.m */,
				E5358FB015B3372600FFAAF3 /* FilterViewController.xib */,
				E5358FB315B3373900FFAAF3 /* RevealController.h */,
				E5358FB415B3373900FFAAF3 /* RevealController.m */,
				E5358FE015B382D700FFAAF3 /* NavBar.xib */,
			);
			name = ViewControllers;
			sourceTree = "<group>";
		};
		E598125615B2417C00D2EC95 /* Model */ = {
			isa = PBXGroup;
			children = (
				E598125B15B2454600D2EC95 /* PUPrompt.h */,
				E598125C15B2454600D2EC95 /* PUPrompt.m */,
				E598125E15B2490E00D2EC95 /* PUUser.h */,
				E598125F15B2490E00D2EC95 /* PUUser.m */,
			);
			name = Model;
			sourceTree = "<group>";
		};
		E598126B15B2931B00D2EC95 /* Libraries */ = {
			isa = PBXGroup;
			children = (
				E5D88E9415B3E3470040F94B /* MGBox */,
				E5358FDA15B378DD00FFAAF3 /* DACircularProgress */,
				E5358FD615B378CA00FFAAF3 /* ZUUIRevealController */,
				E598126C15B2931B00D2EC95 /* IOSBoilerplate */,
			);
			path = Libraries;
			sourceTree = "<group>";
		};
		E598126C15B2931B00D2EC95 /* IOSBoilerplate */ = {
			isa = PBXGroup;
			children = (
				E598127015B2937C00D2EC95 /* EGORefreshTableHeaderView.h */,
				E598127115B2937C00D2EC95 /* EGORefreshTableHeaderView.m */,
			);
			path = IOSBoilerplate;
			sourceTree = "<group>";
		};
		E5D88E9415B3E3470040F94B /* MGBox */ = {
			isa = PBXGroup;
			children = (
				E5D88E9515B3E3470040F94B /* MGBox.h */,
				E5D88E9615B3E3470040F94B /* MGBox.m */,
				E5D88E9715B3E3470040F94B /* MGBoxLine.h */,
				E5D88E9815B3E3470040F94B /* MGBoxLine.m */,
				E5D88E9915B3E3470040F94B /* MGBoxProtocol.h */,
				E5D88E9A15B3E3470040F94B /* MGButton.h */,
				E5D88E9B15B3E3470040F94B /* MGButton.m */,
				E5D88E9C15B3E3470040F94B /* MGScrollView.h */,
				E5D88E9D15B3E3470040F94B /* MGScrollView.m */,
				E5D88E9E15B3E3470040F94B /* MGStyledBox.h */,
				E5D88E9F15B3E3470040F94B /* MGStyledBox.m */,
			);
			path = MGBox;
			sourceTree = "<group>";
		};
/* End PBXGroup section */

/* Begin PBXNativeTarget section */
		E5898BCB15B1F97B005EBEE0 /* Promptu */ = {
			isa = PBXNativeTarget;
			buildConfigurationList = E5898BEA15B1F97B005EBEE0 /* Build configuration list for PBXNativeTarget "Promptu" */;
			buildPhases = (
				E5898BC815B1F97B005EBEE0 /* Sources */,
				E5898BC915B1F97B005EBEE0 /* Frameworks */,
				E5898BCA15B1F97B005EBEE0 /* Resources */,
				E12640A0B4664D408AE29C80 /* Copy Pods Resources */,
			);
			buildRules = (
			);
			dependencies = (
			);
			name = Promptu;
			productName = Promptu;
			productReference = E5898BCC15B1F97B005EBEE0 /* Promptu.app */;
			productType = "com.apple.product-type.application";
		};
/* End PBXNativeTarget section */

/* Begin PBXProject section */
		E5898BC315B1F97A005EBEE0 /* Project object */ = {
			isa = PBXProject;
			attributes = {
				CLASSPREFIX = PU;
				LastUpgradeCheck = 0430;
			};
			buildConfigurationList = E5898BC615B1F97A005EBEE0 /* Build configuration list for PBXProject "Promptu" */;
			compatibilityVersion = "Xcode 3.2";
			developmentRegion = English;
			hasScannedForEncodings = 0;
			knownRegions = (
				en,
			);
			mainGroup = E5898BC115B1F97A005EBEE0;
			productRefGroup = E5898BCD15B1F97B005EBEE0 /* Products */;
			projectDirPath = "";
			projectRoot = "";
			targets = (
				E5898BCB15B1F97B005EBEE0 /* Promptu */,
			);
		};
/* End PBXProject section */

/* Begin PBXResourcesBuildPhase section */
		E5898BCA15B1F97B005EBEE0 /* Resources */ = {
			isa = PBXResourcesBuildPhase;
			buildActionMask = 2147483647;
			files = (
				E5898BDB15B1F97B005EBEE0 /* InfoPlist.strings in Resources */,
				E5898BE715B1F97B005EBEE0 /* PromptViewController.xib in Resources */,
				E5358F5C15B2A8BB00FFAAF3 /* gplaypattern.png in Resources */,
				E5358F6515B2B0B900FFAAF3 /* blackArrow.png in Resources */,
				E5358F6615B2B0B900FFAAF3 /* blackArrow@2x.png in Resources */,
				E5358F6715B2B0B900FFAAF3 /* blueArrow.png in Resources */,
				E5358F6815B2B0B900FFAAF3 /* blueArrow@2x.png in Resources */,
				E5358F7915B2B76E00FFAAF3 /* background.png in Resources */,
				E5358F7A15B2B76E00FFAAF3 /* background@2x.png in Resources */,
				E5358F8F15B2CEAD00FFAAF3 /* arrow.png in Resources */,
				E5358FB215B3372600FFAAF3 /* FilterViewController.xib in Resources */,
				E5358FB815B35BF800FFAAF3 /* ButtonMenu.png in Resources */,
				E5358FB915B35BF800FFAAF3 /* ButtonMenu@2x.png in Resources */,
				E5358FE215B382D700FFAAF3 /* NavBar.xib in Resources */,
			);
			runOnlyForDeploymentPostprocessing = 0;
		};
/* End PBXResourcesBuildPhase section */

/* Begin PBXShellScriptBuildPhase section */
		E12640A0B4664D408AE29C80 /* Copy Pods Resources */ = {
			isa = PBXShellScriptBuildPhase;
			buildActionMask = 2147483647;
			files = (
			);
			inputPaths = (
			);
			name = "Copy Pods Resources";
			outputPaths = (
			);
			runOnlyForDeploymentPostprocessing = 0;
			shellPath = /bin/sh;
			shellScript = "\"${SRCROOT}/Pods/Pods-resources.sh\"\n";
		};
/* End PBXShellScriptBuildPhase section */

/* Begin PBXSourcesBuildPhase section */
		E5898BC815B1F97B005EBEE0 /* Sources */ = {
			isa = PBXSourcesBuildPhase;
			buildActionMask = 2147483647;
			files = (
				E5898BDD15B1F97B005EBEE0 /* main.m in Sources */,
				E5898BE115B1F97B005EBEE0 /* PromptAppDelegate.m in Sources */,
				E5898BE415B1F97B005EBEE0 /* PromptViewController.m in Sources */,
				E5898BF115B1F9DD005EBEE0 /* Singleton.m in Sources */,
				E5898BF515B1FF45005EBEE0 /* PromptAPI.m in Sources */,
				E598125D15B2454600D2EC95 /* PUPrompt.m in Sources */,
				E598126015B2490E00D2EC95 /* PUUser.m in Sources */,
				E598126715B28F3500D2EC95 /* NSString+Helper.m in Sources */,
				E598126A15B28F9800D2EC95 /* NSData+Helper.m in Sources */,
				E598126F15B2931B00D2EC95 /* RefreshViewController.m in Sources */,
				E598127215B2937C00D2EC95 /* EGORefreshTableHeaderView.m in Sources */,
				E5358FB115B3372600FFAAF3 /* FilterViewController.m in Sources */,
				E5358FB515B3373900FFAAF3 /* RevealController.m in Sources */,
				E5358FD915B378CA00FFAAF3 /* ZUUIRevealController.m in Sources */,
				E5358FDD15B378DD00FFAAF3 /* DACircularProgressView.m in Sources */,
				E5358FE515B38FB800FFAAF3 /* PUPromptBox.m in Sources */,
				E5358FF315B39F3300FFAAF3 /* PromptCenter.m in Sources */,
				E5D88EA015B3E3470040F94B /* MGBox.m in Sources */,
				E5D88EA115B3E3470040F94B /* MGBoxLine.m in Sources */,
				E5D88EA215B3E3470040F94B /* MGButton.m in Sources */,
				E5D88EA315B3E3470040F94B /* MGScrollView.m in Sources */,
				E5D88EA415B3E3470040F94B /* MGStyledBox.m in Sources */,
			);
			runOnlyForDeploymentPostprocessing = 0;
		};
/* End PBXSourcesBuildPhase section */

/* Begin PBXVariantGroup section */
		E5898BD915B1F97B005EBEE0 /* InfoPlist.strings */ = {
			isa = PBXVariantGroup;
			children = (
				E5898BDA15B1F97B005EBEE0 /* en */,
			);
			name = InfoPlist.strings;
			sourceTree = "<group>";
		};
		E5898BE515B1F97B005EBEE0 /* PromptViewController.xib */ = {
			isa = PBXVariantGroup;
			children = (
				E5898BE615B1F97B005EBEE0 /* en */,
			);
			name = PromptViewController.xib;
			sourceTree = "<group>";
		};
/* End PBXVariantGroup section */

/* Begin XCBuildConfiguration section */
		E5898BE815B1F97B005EBEE0 /* Debug */ = {
			isa = XCBuildConfiguration;
			buildSettings = {
				ALWAYS_SEARCH_USER_PATHS = NO;
				ARCHS = "$(ARCHS_STANDARD_32_BIT)";
				"CODE_SIGN_IDENTITY[sdk=iphoneos*]" = "iPhone Developer";
				COPY_PHASE_STRIP = NO;
				GCC_C_LANGUAGE_STANDARD = gnu99;
				GCC_DYNAMIC_NO_PIC = NO;
				GCC_OPTIMIZATION_LEVEL = 0;
				GCC_PREPROCESSOR_DEFINITIONS = (
					"DEBUG=1",
					"$(inherited)",
				);
				GCC_SYMBOLS_PRIVATE_EXTERN = NO;
				GCC_VERSION = com.apple.compilers.llvm.clang.1_0;
				GCC_WARN_ABOUT_RETURN_TYPE = YES;
				GCC_WARN_UNINITIALIZED_AUTOS = YES;
				GCC_WARN_UNUSED_VARIABLE = YES;
				IPHONEOS_DEPLOYMENT_TARGET = 5.1;
				SDKROOT = iphoneos;
			};
			name = Debug;
		};
		E5898BE915B1F97B005EBEE0 /* Release */ = {
			isa = XCBuildConfiguration;
			buildSettings = {
				ALWAYS_SEARCH_USER_PATHS = NO;
				ARCHS = "$(ARCHS_STANDARD_32_BIT)";
				"CODE_SIGN_IDENTITY[sdk=iphoneos*]" = "iPhone Developer";
				COPY_PHASE_STRIP = YES;
				GCC_C_LANGUAGE_STANDARD = gnu99;
				GCC_VERSION = com.apple.compilers.llvm.clang.1_0;
				GCC_WARN_ABOUT_RETURN_TYPE = YES;
				GCC_WARN_UNINITIALIZED_AUTOS = YES;
				GCC_WARN_UNUSED_VARIABLE = YES;
				IPHONEOS_DEPLOYMENT_TARGET = 5.1;
				OTHER_CFLAGS = "-DNS_BLOCK_ASSERTIONS=1";
				SDKROOT = iphoneos;
				VALIDATE_PRODUCT = YES;
			};
			name = Release;
		};
		E5898BEB15B1F97B005EBEE0 /* Debug */ = {
			isa = XCBuildConfiguration;
			baseConfigurationReference = 33ED468521CB4778A782B352 /* Pods.xcconfig */;
			buildSettings = {
				GCC_PRECOMPILE_PREFIX_HEADER = YES;
				GCC_PREFIX_HEADER = "Promptu/Promptu-Prefix.pch";
				INFOPLIST_FILE = "Promptu/Promptu-Info.plist";
				IPHONEOS_DEPLOYMENT_TARGET = 4.0;
				PRODUCT_NAME = "$(TARGET_NAME)";
				WRAPPER_EXTENSION = app;
			};
			name = Debug;
		};
		E5898BEC15B1F97B005EBEE0 /* Release */ = {
			isa = XCBuildConfiguration;
			baseConfigurationReference = 33ED468521CB4778A782B352 /* Pods.xcconfig */;
			buildSettings = {
				GCC_PRECOMPILE_PREFIX_HEADER = YES;
				GCC_PREFIX_HEADER = "Promptu/Promptu-Prefix.pch";
				INFOPLIST_FILE = "Promptu/Promptu-Info.plist";
				IPHONEOS_DEPLOYMENT_TARGET = 4.0;
				PRODUCT_NAME = "$(TARGET_NAME)";
				WRAPPER_EXTENSION = app;
			};
			name = Release;
		};
/* End XCBuildConfiguration section */

/* Begin XCConfigurationList section */
		E5898BC615B1F97A005EBEE0 /* Build configuration list for PBXProject "Promptu" */ = {
			isa = XCConfigurationList;
			buildConfigurations = (
				E5898BE815B1F97B005EBEE0 /* Debug */,
				E5898BE915B1F97B005EBEE0 /* Release */,
			);
			defaultConfigurationIsVisible = 0;
			defaultConfigurationName = Release;
		};
		E5898BEA15B1F97B005EBEE0 /* Build configuration list for PBXNativeTarget "Promptu" */ = {
			isa = XCConfigurationList;
			buildConfigurations = (
				E5898BEB15B1F97B005EBEE0 /* Debug */,
				E5898BEC15B1F97B005EBEE0 /* Release */,
			);
			defaultConfigurationIsVisible = 0;
			defaultConfigurationName = Release;
		};
/* End XCConfigurationList section */
	};
	rootObject = E5898BC315B1F97A005EBEE0 /* Project object */;
}
