// !$*UTF8*$!
{
	archiveVersion = 1;
	classes = {
	};
	objectVersion = 46;
	objects = {

/* Begin PBXBuildFile section */
		E5358F5C15B2A8BB00FFAAF3 /* gplaypattern.png in Resources */ = {isa = PBXBuildFile; fileRef = E5358F5B15B2A8BB00FFAAF3 /* gplaypattern.png */; };
		E5358F6515B2B0B900FFAAF3 /* blackArrow.png in Resources */ = {isa = PBXBuildFile; fileRef = E5358F6115B2B0B900FFAAF3 /* blackArrow.png */; };
		E5358F6615B2B0B900FFAAF3 /* blackArrow@2x.png in Resources */ = {isa = PBXBuildFile; fileRef = E5358F6215B2B0B900FFAAF3 /* blackArrow@2x.png */; };
		E5358F6715B2B0B900FFAAF3 /* blueArrow.png in Resources */ = {isa = PBXBuildFile; fileRef = E5358F6315B2B0B900FFAAF3 /* blueArrow.png */; };
		E5358F6815B2B0B900FFAAF3 /* blueArrow@2x.png in Resources */ = {isa = PBXBuildFile; fileRef = E5358F6415B2B0B900FFAAF3 /* blueArrow@2x.png */; };
		E5358F7915B2B76E00FFAAF3 /* background.png in Resources */ = {isa = PBXBuildFile; fileRef = E5358F7715B2B76E00FFAAF3 /* background.png */; };
		E5358F7A15B2B76E00FFAAF3 /* background@2x.png in Resources */ = {isa = PBXBuildFile; fileRef = E5358F7815B2B76E00FFAAF3 /* background@2x.png */; };
		E5358F8F15B2CEAD00FFAAF3 /* arrow.png in Resources */ = {isa = PBXBuildFile; fileRef = E5358F8E15B2CEAD00FFAAF3 /* arrow.png */; };
		E5358FB115B3372600FFAAF3 /* MenuViewController.m in Sources */ = {isa = PBXBuildFile; fileRef = E5358FAF15B3372600FFAAF3 /* MenuViewController.m */; };
		E5358FB215B3372600FFAAF3 /* MenuViewController.xib in Resources */ = {isa = PBXBuildFile; fileRef = E5358FB015B3372600FFAAF3 /* MenuViewController.xib */; };
		E5358FB515B3373900FFAAF3 /* RevealController.m in Sources */ = {isa = PBXBuildFile; fileRef = E5358FB415B3373900FFAAF3 /* RevealController.m */; };
		E5358FB815B35BF800FFAAF3 /* ButtonMenu.png in Resources */ = {isa = PBXBuildFile; fileRef = E5358FB615B35BF800FFAAF3 /* ButtonMenu.png */; };
		E5358FB915B35BF800FFAAF3 /* ButtonMenu@2x.png in Resources */ = {isa = PBXBuildFile; fileRef = E5358FB715B35BF800FFAAF3 /* ButtonMenu@2x.png */; };
		E5358FD915B378CA00FFAAF3 /* ZUUIRevealController.m in Sources */ = {isa = PBXBuildFile; fileRef = E5358FD815B378CA00FFAAF3 /* ZUUIRevealController.m */; };
		E5358FDD15B378DD00FFAAF3 /* DACircularProgressView.m in Sources */ = {isa = PBXBuildFile; fileRef = E5358FDC15B378DD00FFAAF3 /* DACircularProgressView.m */; settings = {COMPILER_FLAGS = "-fobjc-arc"; }; };
		E5358FE215B382D700FFAAF3 /* NavBar.xib in Resources */ = {isa = PBXBuildFile; fileRef = E5358FE015B382D700FFAAF3 /* NavBar.xib */; };
		E5358FE515B38FB800FFAAF3 /* PUPromptBox.m in Sources */ = {isa = PBXBuildFile; fileRef = E5358FE415B38FB800FFAAF3 /* PUPromptBox.m */; settings = {COMPILER_FLAGS = "-fobjc-arc"; }; };
		E5358FF315B39F3300FFAAF3 /* PromptCenter.m in Sources */ = {isa = PBXBuildFile; fileRef = E5358FF215B39F3300FFAAF3 /* PromptCenter.m */; };
		E5898BD115B1F97B005EBEE0 /* UIKit.framework in Frameworks */ = {isa = PBXBuildFile; fileRef = E5898BD015B1F97B005EBEE0 /* UIKit.framework */; };
		E5898BD315B1F97B005EBEE0 /* Foundation.framework in Frameworks */ = {isa = PBXBuildFile; fileRef = E5898BD215B1F97B005EBEE0 /* Foundation.framework */; };
		E5898BD515B1F97B005EBEE0 /* CoreGraphics.framework in Frameworks */ = {isa = PBXBuildFile; fileRef = E5898BD415B1F97B005EBEE0 /* CoreGraphics.framework */; };
		E5898BDB15B1F97B005EBEE0 /* InfoPlist.strings in Resources */ = {isa = PBXBuildFile; fileRef = E5898BD915B1F97B005EBEE0 /* InfoPlist.strings */; };
		E5898BDD15B1F97B005EBEE0 /* main.m in Sources */ = {isa = PBXBuildFile; fileRef = E5898BDC15B1F97B005EBEE0 /* main.m */; };
		E5898BE115B1F97B005EBEE0 /* PromptAppDelegate.m in Sources */ = {isa = PBXBuildFile; fileRef = E5898BE015B1F97B005EBEE0 /* PromptAppDelegate.m */; };
		E5898BE415B1F97B005EBEE0 /* PromptViewController.m in Sources */ = {isa = PBXBuildFile; fileRef = E5898BE315B1F97B005EBEE0 /* PromptViewController.m */; };
		E5898BE715B1F97B005EBEE0 /* PromptViewController.xib in Resources */ = {isa = PBXBuildFile; fileRef = E5898BE515B1F97B005EBEE0 /* PromptViewController.xib */; };
		E5898BF115B1F9DD005EBEE0 /* Singleton.m in Sources */ = {isa = PBXBuildFile; fileRef = E5898BF015B1F9DD005EBEE0 /* Singleton.m */; };
		E5898BF515B1FF45005EBEE0 /* PromptAPI.m in Sources */ = {isa = PBXBuildFile; fileRef = E5898BF415B1FF45005EBEE0 /* PromptAPI.m */; };
		E598125D15B2454600D2EC95 /* PUPrompt.m in Sources */ = {isa = PBXBuildFile; fileRef = E598125C15B2454600D2EC95 /* PUPrompt.m */; };
		E598126015B2490E00D2EC95 /* PUUser.m in Sources */ = {isa = PBXBuildFile; fileRef = E598125F15B2490E00D2EC95 /* PUUser.m */; };
		E598126715B28F3500D2EC95 /* NSString+Helper.m in Sources */ = {isa = PBXBuildFile; fileRef = E598126615B28F3500D2EC95 /* NSString+Helper.m */; };
		E598126A15B28F9800D2EC95 /* NSData+Helper.m in Sources */ = {isa = PBXBuildFile; fileRef = E598126915B28F9800D2EC95 /* NSData+Helper.m */; };
		E598126F15B2931B00D2EC95 /* RefreshViewController.m in Sources */ = {isa = PBXBuildFile; fileRef = E598126E15B2931B00D2EC95 /* RefreshViewController.m */; };
		E598127215B2937C00D2EC95 /* EGORefreshTableHeaderView.m in Sources */ = {isa = PBXBuildFile; fileRef = E598127115B2937C00D2EC95 /* EGORefreshTableHeaderView.m */; };
		E598127C15B29BA800D2EC95 /* QuartzCore.framework in Frameworks */ = {isa = PBXBuildFile; fileRef = E598127B15B29BA800D2EC95 /* QuartzCore.framework */; };
		E5B1EDB115B69D6A0089CC77 /* BlueBadge.m in Sources */ = {isa = PBXBuildFile; fileRef = E5B1EDB015B69D6A0089CC77 /* BlueBadge.m */; };
		E5B1EDB515B6A03C0089CC77 /* BadgeLabel.m in Sources */ = {isa = PBXBuildFile; fileRef = E5B1EDB415B6A03B0089CC77 /* BadgeLabel.m */; };
		E5B1EDBF15B6BA4C0089CC77 /* SEFilterControl.m in Sources */ = {isa = PBXBuildFile; fileRef = E5B1EDBC15B6BA4C0089CC77 /* SEFilterControl.m */; };
		E5B1EDC015B6BA4C0089CC77 /* SEFilterKnob.m in Sources */ = {isa = PBXBuildFile; fileRef = E5B1EDBE15B6BA4C0089CC77 /* SEFilterKnob.m */; };
		E5B1EDC315B6BAAB0089CC77 /* FilterBox.m in Sources */ = {isa = PBXBuildFile; fileRef = E5B1EDC215B6BAAB0089CC77 /* FilterBox.m */; };
		E5B1EDC715B6C5C50089CC77 /* green.png in Resources */ = {isa = PBXBuildFile; fileRef = E5B1EDC415B6C5C50089CC77 /* green.png */; };
		E5B1EDC815B6C5C50089CC77 /* orange.png in Resources */ = {isa = PBXBuildFile; fileRef = E5B1EDC515B6C5C50089CC77 /* orange.png */; };
		E5B1EDC915B6C5C50089CC77 /* red.png in Resources */ = {isa = PBXBuildFile; fileRef = E5B1EDC615B6C5C50089CC77 /* red.png */; };
		E5B1EDFD15B7BB6C0089CC77 /* icon-check-black.png in Resources */ = {isa = PBXBuildFile; fileRef = E5B1EDCD15B7BB6B0089CC77 /* icon-check-black.png */; };
		E5B1EDFE15B7BB6C0089CC77 /* icon-check-empty-black.png in Resources */ = {isa = PBXBuildFile; fileRef = E5B1EDCE15B7BB6B0089CC77 /* icon-check-empty-black.png */; };
		E5B1EDFF15B7BB6C0089CC77 /* icon-check-empty-grey.png in Resources */ = {isa = PBXBuildFile; fileRef = E5B1EDCF15B7BB6B0089CC77 /* icon-check-empty-grey.png */; };
		E5B1EE0015B7BB6C0089CC77 /* icon-check-empty-white.png in Resources */ = {isa = PBXBuildFile; fileRef = E5B1EDD015B7BB6B0089CC77 /* icon-check-empty-white.png */; };
		E5B1EE0115B7BB6C0089CC77 /* icon-check-grey.png in Resources */ = {isa = PBXBuildFile; fileRef = E5B1EDD115B7BB6B0089CC77 /* icon-check-grey.png */; };
		E5B1EE0215B7BB6C0089CC77 /* icon-check-white.png in Resources */ = {isa = PBXBuildFile; fileRef = E5B1EDD215B7BB6B0089CC77 /* icon-check-white.png */; };
		E5B1EE0315B7BB6C0089CC77 /* icon-cog-black.png in Resources */ = {isa = PBXBuildFile; fileRef = E5B1EDD315B7BB6B0089CC77 /* icon-cog-black.png */; };
		E5B1EE0415B7BB6C0089CC77 /* icon-cog-grey.png in Resources */ = {isa = PBXBuildFile; fileRef = E5B1EDD415B7BB6B0089CC77 /* icon-cog-grey.png */; };
		E5B1EE0515B7BB6C0089CC77 /* icon-cog-white.png in Resources */ = {isa = PBXBuildFile; fileRef = E5B1EDD515B7BB6B0089CC77 /* icon-cog-white.png */; };
		E5B1EE0615B7BB6C0089CC77 /* icon-facebook-black.png in Resources */ = {isa = PBXBuildFile; fileRef = E5B1EDD615B7BB6B0089CC77 /* icon-facebook-black.png */; };
		E5B1EE0715B7BB6C0089CC77 /* icon-facebook-grey.png in Resources */ = {isa = PBXBuildFile; fileRef = E5B1EDD715B7BB6B0089CC77 /* icon-facebook-grey.png */; };
		E5B1EE0815B7BB6C0089CC77 /* icon-facebook-white.png in Resources */ = {isa = PBXBuildFile; fileRef = E5B1EDD815B7BB6B0089CC77 /* icon-facebook-white.png */; };
		E5B1EE0915B7BB6C0089CC77 /* icon-group-black.png in Resources */ = {isa = PBXBuildFile; fileRef = E5B1EDD915B7BB6B0089CC77 /* icon-group-black.png */; };
		E5B1EE0A15B7BB6C0089CC77 /* icon-group-grey.png in Resources */ = {isa = PBXBuildFile; fileRef = E5B1EDDA15B7BB6B0089CC77 /* icon-group-grey.png */; };
		E5B1EE0B15B7BB6C0089CC77 /* icon-group-white.png in Resources */ = {isa = PBXBuildFile; fileRef = E5B1EDDB15B7BB6B0089CC77 /* icon-group-white.png */; };
		E5B1EE0C15B7BB6C0089CC77 /* icon-home-black.png in Resources */ = {isa = PBXBuildFile; fileRef = E5B1EDDC15B7BB6B0089CC77 /* icon-home-black.png */; };
		E5B1EE0D15B7BB6C0089CC77 /* icon-home-grey.png in Resources */ = {isa = PBXBuildFile; fileRef = E5B1EDDD15B7BB6B0089CC77 /* icon-home-grey.png */; };
		E5B1EE0E15B7BB6C0089CC77 /* icon-home-white.png in Resources */ = {isa = PBXBuildFile; fileRef = E5B1EDDE15B7BB6B0089CC77 /* icon-home-white.png */; };
		E5B1EE0F15B7BB6C0089CC77 /* icon-inbox-black.png in Resources */ = {isa = PBXBuildFile; fileRef = E5B1EDDF15B7BB6B0089CC77 /* icon-inbox-black.png */; };
		E5B1EE1015B7BB6C0089CC77 /* icon-inbox-grey.png in Resources */ = {isa = PBXBuildFile; fileRef = E5B1EDE015B7BB6B0089CC77 /* icon-inbox-grey.png */; };
		E5B1EE1115B7BB6C0089CC77 /* icon-inbox-white.png in Resources */ = {isa = PBXBuildFile; fileRef = E5B1EDE115B7BB6B0089CC77 /* icon-inbox-white.png */; };
		E5B1EE1215B7BB6C0089CC77 /* icon-list-ul-black.png in Resources */ = {isa = PBXBuildFile; fileRef = E5B1EDE215B7BB6B0089CC77 /* icon-list-ul-black.png */; };
		E5B1EE1315B7BB6C0089CC77 /* icon-list-ul-grey.png in Resources */ = {isa = PBXBuildFile; fileRef = E5B1EDE315B7BB6B0089CC77 /* icon-list-ul-grey.png */; };
		E5B1EE1415B7BB6C0089CC77 /* icon-list-ul-white.png in Resources */ = {isa = PBXBuildFile; fileRef = E5B1EDE415B7BB6B0089CC77 /* icon-list-ul-white.png */; };
		E5B1EE1515B7BB6C0089CC77 /* icon-pushpin-black.png in Resources */ = {isa = PBXBuildFile; fileRef = E5B1EDE515B7BB6B0089CC77 /* icon-pushpin-black.png */; };
		E5B1EE1615B7BB6C0089CC77 /* icon-pushpin-grey.png in Resources */ = {isa = PBXBuildFile; fileRef = E5B1EDE615B7BB6B0089CC77 /* icon-pushpin-grey.png */; };
		E5B1EE1715B7BB6C0089CC77 /* icon-pushpin-white.png in Resources */ = {isa = PBXBuildFile; fileRef = E5B1EDE715B7BB6B0089CC77 /* icon-pushpin-white.png */; };
		E5B1EE1815B7BB6C0089CC77 /* icon-random-black.png in Resources */ = {isa = PBXBuildFile; fileRef = E5B1EDE815B7BB6B0089CC77 /* icon-random-black.png */; };
		E5B1EE1915B7BB6C0089CC77 /* icon-random-grey.png in Resources */ = {isa = PBXBuildFile; fileRef = E5B1EDE915B7BB6B0089CC77 /* icon-random-grey.png */; };
		E5B1EE1A15B7BB6C0089CC77 /* icon-random-white.png in Resources */ = {isa = PBXBuildFile; fileRef = E5B1EDEA15B7BB6B0089CC77 /* icon-random-white.png */; };
		E5B1EE1B15B7BB6C0089CC77 /* icon-search-black.png in Resources */ = {isa = PBXBuildFile; fileRef = E5B1EDEB15B7BB6B0089CC77 /* icon-search-black.png */; };
		E5B1EE1C15B7BB6C0089CC77 /* icon-search-grey.png in Resources */ = {isa = PBXBuildFile; fileRef = E5B1EDEC15B7BB6B0089CC77 /* icon-search-grey.png */; };
		E5B1EE1D15B7BB6C0089CC77 /* icon-search-white.png in Resources */ = {isa = PBXBuildFile; fileRef = E5B1EDED15B7BB6B0089CC77 /* icon-search-white.png */; };
		E5B1EE1E15B7BB6C0089CC77 /* icon-sort-black.png in Resources */ = {isa = PBXBuildFile; fileRef = E5B1EDEE15B7BB6B0089CC77 /* icon-sort-black.png */; };
		E5B1EE1F15B7BB6C0089CC77 /* icon-sort-down-black.png in Resources */ = {isa = PBXBuildFile; fileRef = E5B1EDEF15B7BB6B0089CC77 /* icon-sort-down-black.png */; };
		E5B1EE2015B7BB6C0089CC77 /* icon-sort-down-grey.png in Resources */ = {isa = PBXBuildFile; fileRef = E5B1EDF015B7BB6B0089CC77 /* icon-sort-down-grey.png */; };
		E5B1EE2115B7BB6C0089CC77 /* icon-sort-down-white.png in Resources */ = {isa = PBXBuildFile; fileRef = E5B1EDF115B7BB6C0089CC77 /* icon-sort-down-white.png */; };
		E5B1EE2215B7BB6C0089CC77 /* icon-sort-grey.png in Resources */ = {isa = PBXBuildFile; fileRef = E5B1EDF215B7BB6C0089CC77 /* icon-sort-grey.png */; };
		E5B1EE2315B7BB6C0089CC77 /* icon-sort-up-black.png in Resources */ = {isa = PBXBuildFile; fileRef = E5B1EDF315B7BB6C0089CC77 /* icon-sort-up-black.png */; };
		E5B1EE2415B7BB6C0089CC77 /* icon-sort-up-grey.png in Resources */ = {isa = PBXBuildFile; fileRef = E5B1EDF415B7BB6C0089CC77 /* icon-sort-up-grey.png */; };
		E5B1EE2515B7BB6C0089CC77 /* icon-sort-up-white.png in Resources */ = {isa = PBXBuildFile; fileRef = E5B1EDF515B7BB6C0089CC77 /* icon-sort-up-white.png */; };
		E5B1EE2615B7BB6C0089CC77 /* icon-sort-white.png in Resources */ = {isa = PBXBuildFile; fileRef = E5B1EDF615B7BB6C0089CC77 /* icon-sort-white.png */; };
		E5B1EE2715B7BB6C0089CC77 /* icon-twitter-black.png in Resources */ = {isa = PBXBuildFile; fileRef = E5B1EDF715B7BB6C0089CC77 /* icon-twitter-black.png */; };
		E5B1EE2815B7BB6C0089CC77 /* icon-twitter-grey.png in Resources */ = {isa = PBXBuildFile; fileRef = E5B1EDF815B7BB6C0089CC77 /* icon-twitter-grey.png */; };
		E5B1EE2915B7BB6C0089CC77 /* icon-twitter-white.png in Resources */ = {isa = PBXBuildFile; fileRef = E5B1EDF915B7BB6C0089CC77 /* icon-twitter-white.png */; };
		E5B1EE2A15B7BB6C0089CC77 /* icons-black.png in Resources */ = {isa = PBXBuildFile; fileRef = E5B1EDFA15B7BB6C0089CC77 /* icons-black.png */; };
		E5B1EE2B15B7BB6C0089CC77 /* icons-grey.png in Resources */ = {isa = PBXBuildFile; fileRef = E5B1EDFB15B7BB6C0089CC77 /* icons-grey.png */; };
		E5B1EE2C15B7BB6C0089CC77 /* icons-white.png in Resources */ = {isa = PBXBuildFile; fileRef = E5B1EDFC15B7BB6C0089CC77 /* icons-white.png */; };
		E5B1EE3015B864620089CC77 /* PrettyToolbar.m in Sources */ = {isa = PBXBuildFile; fileRef = E5B1EE2F15B864620089CC77 /* PrettyToolbar.m */; };
		E5B1EF2915BB77330089CC77 /* UILabelStrikethrough.m in Sources */ = {isa = PBXBuildFile; fileRef = E5B1EF2815BB77320089CC77 /* UILabelStrikethrough.m */; };
		E5D88EA015B3E3470040F94B /* MGBox.m in Sources */ = {isa = PBXBuildFile; fileRef = E5D88E9615B3E3470040F94B /* MGBox.m */; settings = {COMPILER_FLAGS = "-fobjc-arc"; }; };
		E5D88EA115B3E3470040F94B /* MGBoxLine.m in Sources */ = {isa = PBXBuildFile; fileRef = E5D88E9815B3E3470040F94B /* MGBoxLine.m */; settings = {COMPILER_FLAGS = "-fobjc-arc"; }; };
		E5D88EA215B3E3470040F94B /* MGButton.m in Sources */ = {isa = PBXBuildFile; fileRef = E5D88E9B15B3E3470040F94B /* MGButton.m */; settings = {COMPILER_FLAGS = "-fobjc-arc"; }; };
		E5D88EA415B3E3470040F94B /* MGStyledBox.m in Sources */ = {isa = PBXBuildFile; fileRef = E5D88E9F15B3E3470040F94B /* MGStyledBox.m */; settings = {COMPILER_FLAGS = "-fobjc-arc"; }; };
		E5D88EAC15B4F7160040F94B /* ImageBox.m in Sources */ = {isa = PBXBuildFile; fileRef = E5D88EAB15B4F7160040F94B /* ImageBox.m */; };
		E5D88EAE15B51BFF0040F94B /* wood_pattern.png in Resources */ = {isa = PBXBuildFile; fileRef = E5D88EAD15B51BFF0040F94B /* wood_pattern.png */; };
		E5D88EB115B520DF0040F94B /* UIColor+CreateMethods.m in Sources */ = {isa = PBXBuildFile; fileRef = E5D88EB015B520DF0040F94B /* UIColor+CreateMethods.m */; };
		E5D88EB415B530880040F94B /* MGImageView.m in Sources */ = {isa = PBXBuildFile; fileRef = E5D88EB315B530880040F94B /* MGImageView.m */; };
		E5D88EB715B53EAE0040F94B /* MGScrollView.m in Sources */ = {isa = PBXBuildFile; fileRef = E5D88EB615B53EAE0040F94B /* MGScrollView.m */; settings = {COMPILER_FLAGS = "-fobjc-arc"; }; };
		E5D88EBA15B544B40040F94B /* SearchBox.m in Sources */ = {isa = PBXBuildFile; fileRef = E5D88EB915B544B40040F94B /* SearchBox.m */; settings = {COMPILER_FLAGS = "-fobjc-arc"; }; };
		E5D88EBC15B67FC60040F94B /* dirty_old_shirt.png in Resources */ = {isa = PBXBuildFile; fileRef = E5D88EBB15B67FC60040F94B /* dirty_old_shirt.png */; };
		E5D88EBE15B68AF40040F94B /* rebel.png in Resources */ = {isa = PBXBuildFile; fileRef = E5D88EBD15B68AF40040F94B /* rebel.png */; };
		E5D88EC115B68C6E0040F94B /* p0.png in Resources */ = {isa = PBXBuildFile; fileRef = E5D88EBF15B68C6D0040F94B /* p0.png */; };
		E5D88EC215B68C6E0040F94B /* p1.png in Resources */ = {isa = PBXBuildFile; fileRef = E5D88EC015B68C6D0040F94B /* p1.png */; };
		E5D88EC615B6918A0040F94B /* TextBadge.m in Sources */ = {isa = PBXBuildFile; fileRef = E5D88EC515B6918A0040F94B /* TextBadge.m */; };
		F2D945DFBC764461B39F0C16 /* libPods.a in Frameworks */ = {isa = PBXBuildFile; fileRef = 26C7D8B792B34516A64B2414 /* libPods.a */; };
/* End PBXBuildFile section */

/* Begin PBXFileReference section */
		26C7D8B792B34516A64B2414 /* libPods.a */ = {isa = PBXFileReference; explicitFileType = archive.ar; includeInIndex = 0; path = libPods.a; sourceTree = BUILT_PRODUCTS_DIR; };
		33ED468521CB4778A782B352 /* Pods.xcconfig */ = {isa = PBXFileReference; includeInIndex = 1; lastKnownFileType = text.xcconfig; name = Pods.xcconfig; path = Pods/Pods.xcconfig; sourceTree = SOURCE_ROOT; };
		E5358F5615B2A48F00FFAAF3 /* PUConstants.h */ = {isa = PBXFileReference; fileEncoding = 4; lastKnownFileType = sourcecode.c.h; path = PUConstants.h; sourceTree = "<group>"; };
		E5358F5B15B2A8BB00FFAAF3 /* gplaypattern.png */ = {isa = PBXFileReference; lastKnownFileType = image.png; path = gplaypattern.png; sourceTree = "<group>"; };
		E5358F6115B2B0B900FFAAF3 /* blackArrow.png */ = {isa = PBXFileReference; lastKnownFileType = image.png; path = blackArrow.png; sourceTree = "<group>"; };
		E5358F6215B2B0B900FFAAF3 /* blackArrow@2x.png */ = {isa = PBXFileReference; lastKnownFileType = image.png; path = "blackArrow@2x.png"; sourceTree = "<group>"; };
		E5358F6315B2B0B900FFAAF3 /* blueArrow.png */ = {isa = PBXFileReference; lastKnownFileType = image.png; path = blueArrow.png; sourceTree = "<group>"; };
		E5358F6415B2B0B900FFAAF3 /* blueArrow@2x.png */ = {isa = PBXFileReference; lastKnownFileType = image.png; path = "blueArrow@2x.png"; sourceTree = "<group>"; };
		E5358F7715B2B76E00FFAAF3 /* background.png */ = {isa = PBXFileReference; lastKnownFileType = image.png; path = background.png; sourceTree = "<group>"; };
		E5358F7815B2B76E00FFAAF3 /* background@2x.png */ = {isa = PBXFileReference; lastKnownFileType = image.png; path = "background@2x.png"; sourceTree = "<group>"; };
		E5358F8E15B2CEAD00FFAAF3 /* arrow.png */ = {isa = PBXFileReference; lastKnownFileType = image.png; path = arrow.png; sourceTree = "<group>"; };
		E5358FAE15B3372600FFAAF3 /* MenuViewController.h */ = {isa = PBXFileReference; fileEncoding = 4; lastKnownFileType = sourcecode.c.h; path = MenuViewController.h; sourceTree = "<group>"; };
		E5358FAF15B3372600FFAAF3 /* MenuViewController.m */ = {isa = PBXFileReference; fileEncoding = 4; lastKnownFileType = sourcecode.c.objc; path = MenuViewController.m; sourceTree = "<group>"; };
		E5358FB015B3372600FFAAF3 /* MenuViewController.xib */ = {isa = PBXFileReference; fileEncoding = 4; lastKnownFileType = file.xib; path = MenuViewController.xib; sourceTree = "<group>"; };
		E5358FB315B3373900FFAAF3 /* RevealController.h */ = {isa = PBXFileReference; fileEncoding = 4; lastKnownFileType = sourcecode.c.h; path = RevealController.h; sourceTree = "<group>"; };
		E5358FB415B3373900FFAAF3 /* RevealController.m */ = {isa = PBXFileReference; fileEncoding = 4; lastKnownFileType = sourcecode.c.objc; path = RevealController.m; sourceTree = "<group>"; };
		E5358FB615B35BF800FFAAF3 /* ButtonMenu.png */ = {isa = PBXFileReference; lastKnownFileType = image.png; path = ButtonMenu.png; sourceTree = "<group>"; };
		E5358FB715B35BF800FFAAF3 /* ButtonMenu@2x.png */ = {isa = PBXFileReference; lastKnownFileType = image.png; path = "ButtonMenu@2x.png"; sourceTree = "<group>"; };
		E5358FD715B378CA00FFAAF3 /* ZUUIRevealController.h */ = {isa = PBXFileReference; fileEncoding = 4; lastKnownFileType = sourcecode.c.h; path = ZUUIRevealController.h; sourceTree = "<group>"; };
		E5358FD815B378CA00FFAAF3 /* ZUUIRevealController.m */ = {isa = PBXFileReference; fileEncoding = 4; lastKnownFileType = sourcecode.c.objc; path = ZUUIRevealController.m; sourceTree = "<group>"; };
		E5358FDB15B378DD00FFAAF3 /* DACircularProgressView.h */ = {isa = PBXFileReference; fileEncoding = 4; lastKnownFileType = sourcecode.c.h; path = DACircularProgressView.h; sourceTree = "<group>"; };
		E5358FDC15B378DD00FFAAF3 /* DACircularProgressView.m */ = {isa = PBXFileReference; fileEncoding = 4; lastKnownFileType = sourcecode.c.objc; path = DACircularProgressView.m; sourceTree = "<group>"; };
		E5358FE015B382D700FFAAF3 /* NavBar.xib */ = {isa = PBXFileReference; fileEncoding = 4; lastKnownFileType = file.xib; path = NavBar.xib; sourceTree = "<group>"; };
		E5358FE315B38FB700FFAAF3 /* PUPromptBox.h */ = {isa = PBXFileReference; fileEncoding = 4; lastKnownFileType = sourcecode.c.h; path = PUPromptBox.h; sourceTree = "<group>"; };
		E5358FE415B38FB800FFAAF3 /* PUPromptBox.m */ = {isa = PBXFileReference; fileEncoding = 4; lastKnownFileType = sourcecode.c.objc; path = PUPromptBox.m; sourceTree = "<group>"; };
		E5358FF115B39F3300FFAAF3 /* PromptCenter.h */ = {isa = PBXFileReference; fileEncoding = 4; lastKnownFileType = sourcecode.c.h; path = PromptCenter.h; sourceTree = "<group>"; };
		E5358FF215B39F3300FFAAF3 /* PromptCenter.m */ = {isa = PBXFileReference; fileEncoding = 4; lastKnownFileType = sourcecode.c.objc; path = PromptCenter.m; sourceTree = "<group>"; };
		E5898BCC15B1F97B005EBEE0 /* Promptu.app */ = {isa = PBXFileReference; explicitFileType = wrapper.application; includeInIndex = 0; path = Promptu.app; sourceTree = BUILT_PRODUCTS_DIR; };
		E5898BD015B1F97B005EBEE0 /* UIKit.framework */ = {isa = PBXFileReference; includeInIndex = 1; lastKnownFileType = wrapper.framework; name = UIKit.framework; path = System/Library/Frameworks/UIKit.framework; sourceTree = SDKROOT; };
		E5898BD215B1F97B005EBEE0 /* Foundation.framework */ = {isa = PBXFileReference; includeInIndex = 1; lastKnownFileType = wrapper.framework; name = Foundation.framework; path = System/Library/Frameworks/Foundation.framework; sourceTree = SDKROOT; };
		E5898BD415B1F97B005EBEE0 /* CoreGraphics.framework */ = {isa = PBXFileReference; includeInIndex = 1; lastKnownFileType = wrapper.framework; name = CoreGraphics.framework; path = System/Library/Frameworks/CoreGraphics.framework; sourceTree = SDKROOT; };
		E5898BD815B1F97B005EBEE0 /* Promptu-Info.plist */ = {isa = PBXFileReference; lastKnownFileType = text.plist.xml; path = "Promptu-Info.plist"; sourceTree = "<group>"; };
		E5898BDA15B1F97B005EBEE0 /* en */ = {isa = PBXFileReference; lastKnownFileType = text.plist.strings; name = en; path = en.lproj/InfoPlist.strings; sourceTree = "<group>"; };
		E5898BDC15B1F97B005EBEE0 /* main.m */ = {isa = PBXFileReference; lastKnownFileType = sourcecode.c.objc; path = main.m; sourceTree = "<group>"; };
		E5898BDE15B1F97B005EBEE0 /* Promptu-Prefix.pch */ = {isa = PBXFileReference; lastKnownFileType = sourcecode.c.h; path = "Promptu-Prefix.pch"; sourceTree = "<group>"; };
		E5898BDF15B1F97B005EBEE0 /* PromptAppDelegate.h */ = {isa = PBXFileReference; lastKnownFileType = sourcecode.c.h; path = PromptAppDelegate.h; sourceTree = "<group>"; };
		E5898BE015B1F97B005EBEE0 /* PromptAppDelegate.m */ = {isa = PBXFileReference; lastKnownFileType = sourcecode.c.objc; path = PromptAppDelegate.m; sourceTree = "<group>"; };
		E5898BE215B1F97B005EBEE0 /* PromptViewController.h */ = {isa = PBXFileReference; lastKnownFileType = sourcecode.c.h; path = PromptViewController.h; sourceTree = "<group>"; };
		E5898BE315B1F97B005EBEE0 /* PromptViewController.m */ = {isa = PBXFileReference; lastKnownFileType = sourcecode.c.objc; path = PromptViewController.m; sourceTree = "<group>"; };
		E5898BE615B1F97B005EBEE0 /* en */ = {isa = PBXFileReference; lastKnownFileType = file.xib; name = en; path = en.lproj/PromptViewController.xib; sourceTree = "<group>"; };
		E5898BEF15B1F9DD005EBEE0 /* Singleton.h */ = {isa = PBXFileReference; fileEncoding = 4; lastKnownFileType = sourcecode.c.h; path = Singleton.h; sourceTree = "<group>"; };
		E5898BF015B1F9DD005EBEE0 /* Singleton.m */ = {isa = PBXFileReference; fileEncoding = 4; lastKnownFileType = sourcecode.c.objc; path = Singleton.m; sourceTree = "<group>"; };
		E5898BF315B1FF45005EBEE0 /* PromptAPI.h */ = {isa = PBXFileReference; fileEncoding = 4; lastKnownFileType = sourcecode.c.h; path = PromptAPI.h; sourceTree = "<group>"; };
		E5898BF415B1FF45005EBEE0 /* PromptAPI.m */ = {isa = PBXFileReference; fileEncoding = 4; lastKnownFileType = sourcecode.c.objc; path = PromptAPI.m; sourceTree = "<group>"; };
		E598125B15B2454600D2EC95 /* PUPrompt.h */ = {isa = PBXFileReference; fileEncoding = 4; lastKnownFileType = sourcecode.c.h; path = PUPrompt.h; sourceTree = "<group>"; };
		E598125C15B2454600D2EC95 /* PUPrompt.m */ = {isa = PBXFileReference; fileEncoding = 4; lastKnownFileType = sourcecode.c.objc; path = PUPrompt.m; sourceTree = "<group>"; };
		E598125E15B2490E00D2EC95 /* PUUser.h */ = {isa = PBXFileReference; fileEncoding = 4; lastKnownFileType = sourcecode.c.h; path = PUUser.h; sourceTree = "<group>"; };
		E598125F15B2490E00D2EC95 /* PUUser.m */ = {isa = PBXFileReference; fileEncoding = 4; lastKnownFileType = sourcecode.c.objc; path = PUUser.m; sourceTree = "<group>"; };
		E598126515B28F3500D2EC95 /* NSString+Helper.h */ = {isa = PBXFileReference; fileEncoding = 4; lastKnownFileType = sourcecode.c.h; path = "NSString+Helper.h"; sourceTree = "<group>"; };
		E598126615B28F3500D2EC95 /* NSString+Helper.m */ = {isa = PBXFileReference; fileEncoding = 4; lastKnownFileType = sourcecode.c.objc; path = "NSString+Helper.m"; sourceTree = "<group>"; };
		E598126815B28F9800D2EC95 /* NSData+Helper.h */ = {isa = PBXFileReference; fileEncoding = 4; lastKnownFileType = sourcecode.c.h; path = "NSData+Helper.h"; sourceTree = "<group>"; };
		E598126915B28F9800D2EC95 /* NSData+Helper.m */ = {isa = PBXFileReference; fileEncoding = 4; lastKnownFileType = sourcecode.c.objc; path = "NSData+Helper.m"; sourceTree = "<group>"; };
		E598126D15B2931B00D2EC95 /* RefreshViewController.h */ = {isa = PBXFileReference; fileEncoding = 4; lastKnownFileType = sourcecode.c.h; name = RefreshViewController.h; path = ../Libraries/IOSBoilerplate/RefreshViewController.h; sourceTree = "<group>"; };
		E598126E15B2931B00D2EC95 /* RefreshViewController.m */ = {isa = PBXFileReference; fileEncoding = 4; lastKnownFileType = sourcecode.c.objc; name = RefreshViewController.m; path = ../Libraries/IOSBoilerplate/RefreshViewController.m; sourceTree = "<group>"; };
		E598127015B2937C00D2EC95 /* EGORefreshTableHeaderView.h */ = {isa = PBXFileReference; fileEncoding = 4; lastKnownFileType = sourcecode.c.h; path = EGORefreshTableHeaderView.h; sourceTree = "<group>"; };
		E598127115B2937C00D2EC95 /* EGORefreshTableHeaderView.m */ = {isa = PBXFileReference; fileEncoding = 4; lastKnownFileType = sourcecode.c.objc; path = EGORefreshTableHeaderView.m; sourceTree = "<group>"; };
		E598127B15B29BA800D2EC95 /* QuartzCore.framework */ = {isa = PBXFileReference; lastKnownFileType = wrapper.framework; name = QuartzCore.framework; path = System/Library/Frameworks/QuartzCore.framework; sourceTree = SDKROOT; };
		E5B1EDAF15B69D6A0089CC77 /* BlueBadge.h */ = {isa = PBXFileReference; fileEncoding = 4; lastKnownFileType = sourcecode.c.h; path = BlueBadge.h; sourceTree = "<group>"; };
		E5B1EDB015B69D6A0089CC77 /* BlueBadge.m */ = {isa = PBXFileReference; fileEncoding = 4; lastKnownFileType = sourcecode.c.objc; path = BlueBadge.m; sourceTree = "<group>"; };
		E5B1EDB315B6A03B0089CC77 /* BadgeLabel.h */ = {isa = PBXFileReference; fileEncoding = 4; lastKnownFileType = sourcecode.c.h; path = BadgeLabel.h; sourceTree = "<group>"; };
		E5B1EDB415B6A03B0089CC77 /* BadgeLabel.m */ = {isa = PBXFileReference; fileEncoding = 4; lastKnownFileType = sourcecode.c.objc; path = BadgeLabel.m; sourceTree = "<group>"; };
		E5B1EDBB15B6BA4C0089CC77 /* SEFilterControl.h */ = {isa = PBXFileReference; fileEncoding = 4; lastKnownFileType = sourcecode.c.h; path = SEFilterControl.h; sourceTree = "<group>"; };
		E5B1EDBC15B6BA4C0089CC77 /* SEFilterControl.m */ = {isa = PBXFileReference; fileEncoding = 4; lastKnownFileType = sourcecode.c.objc; path = SEFilterControl.m; sourceTree = "<group>"; };
		E5B1EDBD15B6BA4C0089CC77 /* SEFilterKnob.h */ = {isa = PBXFileReference; fileEncoding = 4; lastKnownFileType = sourcecode.c.h; path = SEFilterKnob.h; sourceTree = "<group>"; };
		E5B1EDBE15B6BA4C0089CC77 /* SEFilterKnob.m */ = {isa = PBXFileReference; fileEncoding = 4; lastKnownFileType = sourcecode.c.objc; path = SEFilterKnob.m; sourceTree = "<group>"; };
		E5B1EDC115B6BAAB0089CC77 /* FilterBox.h */ = {isa = PBXFileReference; fileEncoding = 4; lastKnownFileType = sourcecode.c.h; path = FilterBox.h; sourceTree = "<group>"; };
		E5B1EDC215B6BAAB0089CC77 /* FilterBox.m */ = {isa = PBXFileReference; fileEncoding = 4; lastKnownFileType = sourcecode.c.objc; path = FilterBox.m; sourceTree = "<group>"; };
		E5B1EDC415B6C5C50089CC77 /* green.png */ = {isa = PBXFileReference; lastKnownFileType = image.png; path = green.png; sourceTree = "<group>"; };
		E5B1EDC515B6C5C50089CC77 /* orange.png */ = {isa = PBXFileReference; lastKnownFileType = image.png; path = orange.png; sourceTree = "<group>"; };
		E5B1EDC615B6C5C50089CC77 /* red.png */ = {isa = PBXFileReference; lastKnownFileType = image.png; path = red.png; sourceTree = "<group>"; };
		E5B1EDCD15B7BB6B0089CC77 /* icon-check-black.png */ = {isa = PBXFileReference; lastKnownFileType = image.png; path = "icon-check-black.png"; sourceTree = "<group>"; };
		E5B1EDCE15B7BB6B0089CC77 /* icon-check-empty-black.png */ = {isa = PBXFileReference; lastKnownFileType = image.png; path = "icon-check-empty-black.png"; sourceTree = "<group>"; };
		E5B1EDCF15B7BB6B0089CC77 /* icon-check-empty-grey.png */ = {isa = PBXFileReference; lastKnownFileType = image.png; path = "icon-check-empty-grey.png"; sourceTree = "<group>"; };
		E5B1EDD015B7BB6B0089CC77 /* icon-check-empty-white.png */ = {isa = PBXFileReference; lastKnownFileType = image.png; path = "icon-check-empty-white.png"; sourceTree = "<group>"; };
		E5B1EDD115B7BB6B0089CC77 /* icon-check-grey.png */ = {isa = PBXFileReference; lastKnownFileType = image.png; path = "icon-check-grey.png"; sourceTree = "<group>"; };
		E5B1EDD215B7BB6B0089CC77 /* icon-check-white.png */ = {isa = PBXFileReference; lastKnownFileType = image.png; path = "icon-check-white.png"; sourceTree = "<group>"; };
		E5B1EDD315B7BB6B0089CC77 /* icon-cog-black.png */ = {isa = PBXFileReference; lastKnownFileType = image.png; path = "icon-cog-black.png"; sourceTree = "<group>"; };
		E5B1EDD415B7BB6B0089CC77 /* icon-cog-grey.png */ = {isa = PBXFileReference; lastKnownFileType = image.png; path = "icon-cog-grey.png"; sourceTree = "<group>"; };
		E5B1EDD515B7BB6B0089CC77 /* icon-cog-white.png */ = {isa = PBXFileReference; lastKnownFileType = image.png; path = "icon-cog-white.png"; sourceTree = "<group>"; };
		E5B1EDD615B7BB6B0089CC77 /* icon-facebook-black.png */ = {isa = PBXFileReference; lastKnownFileType = image.png; path = "icon-facebook-black.png"; sourceTree = "<group>"; };
		E5B1EDD715B7BB6B0089CC77 /* icon-facebook-grey.png */ = {isa = PBXFileReference; lastKnownFileType = image.png; path = "icon-facebook-grey.png"; sourceTree = "<group>"; };
		E5B1EDD815B7BB6B0089CC77 /* icon-facebook-white.png */ = {isa = PBXFileReference; lastKnownFileType = image.png; path = "icon-facebook-white.png"; sourceTree = "<group>"; };
		E5B1EDD915B7BB6B0089CC77 /* icon-group-black.png */ = {isa = PBXFileReference; lastKnownFileType = image.png; path = "icon-group-black.png"; sourceTree = "<group>"; };
		E5B1EDDA15B7BB6B0089CC77 /* icon-group-grey.png */ = {isa = PBXFileReference; lastKnownFileType = image.png; path = "icon-group-grey.png"; sourceTree = "<group>"; };
		E5B1EDDB15B7BB6B0089CC77 /* icon-group-white.png */ = {isa = PBXFileReference; lastKnownFileType = image.png; path = "icon-group-white.png"; sourceTree = "<group>"; };
		E5B1EDDC15B7BB6B0089CC77 /* icon-home-black.png */ = {isa = PBXFileReference; lastKnownFileType = image.png; path = "icon-home-black.png"; sourceTree = "<group>"; };
		E5B1EDDD15B7BB6B0089CC77 /* icon-home-grey.png */ = {isa = PBXFileReference; lastKnownFileType = image.png; path = "icon-home-grey.png"; sourceTree = "<group>"; };
		E5B1EDDE15B7BB6B0089CC77 /* icon-home-white.png */ = {isa = PBXFileReference; lastKnownFileType = image.png; path = "icon-home-white.png"; sourceTree = "<group>"; };
		E5B1EDDF15B7BB6B0089CC77 /* icon-inbox-black.png */ = {isa = PBXFileReference; lastKnownFileType = image.png; path = "icon-inbox-black.png"; sourceTree = "<group>"; };
		E5B1EDE015B7BB6B0089CC77 /* icon-inbox-grey.png */ = {isa = PBXFileReference; lastKnownFileType = image.png; path = "icon-inbox-grey.png"; sourceTree = "<group>"; };
		E5B1EDE115B7BB6B0089CC77 /* icon-inbox-white.png */ = {isa = PBXFileReference; lastKnownFileType = image.png; path = "icon-inbox-white.png"; sourceTree = "<group>"; };
		E5B1EDE215B7BB6B0089CC77 /* icon-list-ul-black.png */ = {isa = PBXFileReference; lastKnownFileType = image.png; path = "icon-list-ul-black.png"; sourceTree = "<group>"; };
		E5B1EDE315B7BB6B0089CC77 /* icon-list-ul-grey.png */ = {isa = PBXFileReference; lastKnownFileType = image.png; path = "icon-list-ul-grey.png"; sourceTree = "<group>"; };
		E5B1EDE415B7BB6B0089CC77 /* icon-list-ul-white.png */ = {isa = PBXFileReference; lastKnownFileType = image.png; path = "icon-list-ul-white.png"; sourceTree = "<group>"; };
		E5B1EDE515B7BB6B0089CC77 /* icon-pushpin-black.png */ = {isa = PBXFileReference; lastKnownFileType = image.png; path = "icon-pushpin-black.png"; sourceTree = "<group>"; };
		E5B1EDE615B7BB6B0089CC77 /* icon-pushpin-grey.png */ = {isa = PBXFileReference; lastKnownFileType = image.png; path = "icon-pushpin-grey.png"; sourceTree = "<group>"; };
		E5B1EDE715B7BB6B0089CC77 /* icon-pushpin-white.png */ = {isa = PBXFileReference; lastKnownFileType = image.png; path = "icon-pushpin-white.png"; sourceTree = "<group>"; };
		E5B1EDE815B7BB6B0089CC77 /* icon-random-black.png */ = {isa = PBXFileReference; lastKnownFileType = image.png; path = "icon-random-black.png"; sourceTree = "<group>"; };
		E5B1EDE915B7BB6B0089CC77 /* icon-random-grey.png */ = {isa = PBXFileReference; lastKnownFileType = image.png; path = "icon-random-grey.png"; sourceTree = "<group>"; };
		E5B1EDEA15B7BB6B0089CC77 /* icon-random-white.png */ = {isa = PBXFileReference; lastKnownFileType = image.png; path = "icon-random-white.png"; sourceTree = "<group>"; };
		E5B1EDEB15B7BB6B0089CC77 /* icon-search-black.png */ = {isa = PBXFileReference; lastKnownFileType = image.png; path = "icon-search-black.png"; sourceTree = "<group>"; };
		E5B1EDEC15B7BB6B0089CC77 /* icon-search-grey.png */ = {isa = PBXFileReference; lastKnownFileType = image.png; path = "icon-search-grey.png"; sourceTree = "<group>"; };
		E5B1EDED15B7BB6B0089CC77 /* icon-search-white.png */ = {isa = PBXFileReference; lastKnownFileType = image.png; path = "icon-search-white.png"; sourceTree = "<group>"; };
		E5B1EDEE15B7BB6B0089CC77 /* icon-sort-black.png */ = {isa = PBXFileReference; lastKnownFileType = image.png; path = "icon-sort-black.png"; sourceTree = "<group>"; };
		E5B1EDEF15B7BB6B0089CC77 /* icon-sort-down-black.png */ = {isa = PBXFileReference; lastKnownFileType = image.png; path = "icon-sort-down-black.png"; sourceTree = "<group>"; };
		E5B1EDF015B7BB6B0089CC77 /* icon-sort-down-grey.png */ = {isa = PBXFileReference; lastKnownFileType = image.png; path = "icon-sort-down-grey.png"; sourceTree = "<group>"; };
		E5B1EDF115B7BB6C0089CC77 /* icon-sort-down-white.png */ = {isa = PBXFileReference; lastKnownFileType = image.png; path = "icon-sort-down-white.png"; sourceTree = "<group>"; };
		E5B1EDF215B7BB6C0089CC77 /* icon-sort-grey.png */ = {isa = PBXFileReference; lastKnownFileType = image.png; path = "icon-sort-grey.png"; sourceTree = "<group>"; };
		E5B1EDF315B7BB6C0089CC77 /* icon-sort-up-black.png */ = {isa = PBXFileReference; lastKnownFileType = image.png; path = "icon-sort-up-black.png"; sourceTree = "<group>"; };
		E5B1EDF415B7BB6C0089CC77 /* icon-sort-up-grey.png */ = {isa = PBXFileReference; lastKnownFileType = image.png; path = "icon-sort-up-grey.png"; sourceTree = "<group>"; };
		E5B1EDF515B7BB6C0089CC77 /* icon-sort-up-white.png */ = {isa = PBXFileReference; lastKnownFileType = image.png; path = "icon-sort-up-white.png"; sourceTree = "<group>"; };
		E5B1EDF615B7BB6C0089CC77 /* icon-sort-white.png */ = {isa = PBXFileReference; lastKnownFileType = image.png; path = "icon-sort-white.png"; sourceTree = "<group>"; };
		E5B1EDF715B7BB6C0089CC77 /* icon-twitter-black.png */ = {isa = PBXFileReference; lastKnownFileType = image.png; path = "icon-twitter-black.png"; sourceTree = "<group>"; };
		E5B1EDF815B7BB6C0089CC77 /* icon-twitter-grey.png */ = {isa = PBXFileReference; lastKnownFileType = image.png; path = "icon-twitter-grey.png"; sourceTree = "<group>"; };
		E5B1EDF915B7BB6C0089CC77 /* icon-twitter-white.png */ = {isa = PBXFileReference; lastKnownFileType = image.png; path = "icon-twitter-white.png"; sourceTree = "<group>"; };
		E5B1EDFA15B7BB6C0089CC77 /* icons-black.png */ = {isa = PBXFileReference; lastKnownFileType = image.png; path = "icons-black.png"; sourceTree = "<group>"; };
		E5B1EDFB15B7BB6C0089CC77 /* icons-grey.png */ = {isa = PBXFileReference; lastKnownFileType = image.png; path = "icons-grey.png"; sourceTree = "<group>"; };
		E5B1EDFC15B7BB6C0089CC77 /* icons-white.png */ = {isa = PBXFileReference; lastKnownFileType = image.png; path = "icons-white.png"; sourceTree = "<group>"; };
		E5B1EE2E15B864620089CC77 /* PrettyToolbar.h */ = {isa = PBXFileReference; fileEncoding = 4; lastKnownFileType = sourcecode.c.h; path = PrettyToolbar.h; sourceTree = "<group>"; };
		E5B1EE2F15B864620089CC77 /* PrettyToolbar.m */ = {isa = PBXFileReference; fileEncoding = 4; lastKnownFileType = sourcecode.c.objc; path = PrettyToolbar.m; sourceTree = "<group>"; };
		E5B1EF2715BB77320089CC77 /* UILabelStrikethrough.h */ = {isa = PBXFileReference; fileEncoding = 4; lastKnownFileType = sourcecode.c.h; path = UILabelStrikethrough.h; sourceTree = "<group>"; };
		E5B1EF2815BB77320089CC77 /* UILabelStrikethrough.m */ = {isa = PBXFileReference; fileEncoding = 4; lastKnownFileType = sourcecode.c.objc; path = UILabelStrikethrough.m; sourceTree = "<group>"; };
		E5D88E9515B3E3470040F94B /* MGBox.h */ = {isa = PBXFileReference; fileEncoding = 4; lastKnownFileType = sourcecode.c.h; path = MGBox.h; sourceTree = "<group>"; };
		E5D88E9615B3E3470040F94B /* MGBox.m */ = {isa = PBXFileReference; fileEncoding = 4; lastKnownFileType = sourcecode.c.objc; path = MGBox.m; sourceTree = "<group>"; };
		E5D88E9715B3E3470040F94B /* MGBoxLine.h */ = {isa = PBXFileReference; fileEncoding = 4; lastKnownFileType = sourcecode.c.h; path = MGBoxLine.h; sourceTree = "<group>"; };
		E5D88E9815B3E3470040F94B /* MGBoxLine.m */ = {isa = PBXFileReference; fileEncoding = 4; lastKnownFileType = sourcecode.c.objc; path = MGBoxLine.m; sourceTree = "<group>"; };
		E5D88E9915B3E3470040F94B /* MGBoxProtocol.h */ = {isa = PBXFileReference; fileEncoding = 4; lastKnownFileType = sourcecode.c.h; path = MGBoxProtocol.h; sourceTree = "<group>"; };
		E5D88E9A15B3E3470040F94B /* MGButton.h */ = {isa = PBXFileReference; fileEncoding = 4; lastKnownFileType = sourcecode.c.h; path = MGButton.h; sourceTree = "<group>"; };
		E5D88E9B15B3E3470040F94B /* MGButton.m */ = {isa = PBXFileReference; fileEncoding = 4; lastKnownFileType = sourcecode.c.objc; path = MGButton.m; sourceTree = "<group>"; };
		E5D88E9E15B3E3470040F94B /* MGStyledBox.h */ = {isa = PBXFileReference; fileEncoding = 4; lastKnownFileType = sourcecode.c.h; path = MGStyledBox.h; sourceTree = "<group>"; };
		E5D88E9F15B3E3470040F94B /* MGStyledBox.m */ = {isa = PBXFileReference; fileEncoding = 4; lastKnownFileType = sourcecode.c.objc; path = MGStyledBox.m; sourceTree = "<group>"; };
		E5D88EAA15B4F7160040F94B /* ImageBox.h */ = {isa = PBXFileReference; fileEncoding = 4; lastKnownFileType = sourcecode.c.h; path = ImageBox.h; sourceTree = "<group>"; };
		E5D88EAB15B4F7160040F94B /* ImageBox.m */ = {isa = PBXFileReference; fileEncoding = 4; lastKnownFileType = sourcecode.c.objc; path = ImageBox.m; sourceTree = "<group>"; };
		E5D88EAD15B51BFF0040F94B /* wood_pattern.png */ = {isa = PBXFileReference; lastKnownFileType = image.png; path = wood_pattern.png; sourceTree = "<group>"; };
		E5D88EAF15B520DF0040F94B /* UIColor+CreateMethods.h */ = {isa = PBXFileReference; fileEncoding = 4; lastKnownFileType = sourcecode.c.h; path = "UIColor+CreateMethods.h"; sourceTree = "<group>"; };
		E5D88EB015B520DF0040F94B /* UIColor+CreateMethods.m */ = {isa = PBXFileReference; fileEncoding = 4; lastKnownFileType = sourcecode.c.objc; path = "UIColor+CreateMethods.m"; sourceTree = "<group>"; };
		E5D88EB215B530880040F94B /* MGImageView.h */ = {isa = PBXFileReference; fileEncoding = 4; lastKnownFileType = sourcecode.c.h; path = MGImageView.h; sourceTree = "<group>"; };
		E5D88EB315B530880040F94B /* MGImageView.m */ = {isa = PBXFileReference; fileEncoding = 4; lastKnownFileType = sourcecode.c.objc; path = MGImageView.m; sourceTree = "<group>"; };
		E5D88EB515B53EAE0040F94B /* MGScrollView.h */ = {isa = PBXFileReference; fileEncoding = 4; lastKnownFileType = sourcecode.c.h; path = MGScrollView.h; sourceTree = "<group>"; };
		E5D88EB615B53EAE0040F94B /* MGScrollView.m */ = {isa = PBXFileReference; fileEncoding = 4; lastKnownFileType = sourcecode.c.objc; path = MGScrollView.m; sourceTree = "<group>"; };
		E5D88EB815B544B40040F94B /* SearchBox.h */ = {isa = PBXFileReference; fileEncoding = 4; lastKnownFileType = sourcecode.c.h; path = SearchBox.h; sourceTree = "<group>"; };
		E5D88EB915B544B40040F94B /* SearchBox.m */ = {isa = PBXFileReference; fileEncoding = 4; lastKnownFileType = sourcecode.c.objc; path = SearchBox.m; sourceTree = "<group>"; };
		E5D88EBB15B67FC60040F94B /* dirty_old_shirt.png */ = {isa = PBXFileReference; lastKnownFileType = image.png; path = dirty_old_shirt.png; sourceTree = "<group>"; };
		E5D88EBD15B68AF40040F94B /* rebel.png */ = {isa = PBXFileReference; lastKnownFileType = image.png; path = rebel.png; sourceTree = "<group>"; };
		E5D88EBF15B68C6D0040F94B /* p0.png */ = {isa = PBXFileReference; lastKnownFileType = image.png; path = p0.png; sourceTree = "<group>"; };
		E5D88EC015B68C6D0040F94B /* p1.png */ = {isa = PBXFileReference; lastKnownFileType = image.png; path = p1.png; sourceTree = "<group>"; };
		E5D88EC415B6918A0040F94B /* TextBadge.h */ = {isa = PBXFileReference; fileEncoding = 4; lastKnownFileType = sourcecode.c.h; path = TextBadge.h; sourceTree = "<group>"; };
		E5D88EC515B6918A0040F94B /* TextBadge.m */ = {isa = PBXFileReference; fileEncoding = 4; lastKnownFileType = sourcecode.c.objc; path = TextBadge.m; sourceTree = "<group>"; };
/* End PBXFileReference section */

/* Begin PBXFrameworksBuildPhase section */
		E5898BC915B1F97B005EBEE0 /* Frameworks */ = {
			isa = PBXFrameworksBuildPhase;
			buildActionMask = 2147483647;
			files = (
				E598127C15B29BA800D2EC95 /* QuartzCore.framework in Frameworks */,
				E5898BD115B1F97B005EBEE0 /* UIKit.framework in Frameworks */,
				E5898BD315B1F97B005EBEE0 /* Foundation.framework in Frameworks */,
				E5898BD515B1F97B005EBEE0 /* CoreGraphics.framework in Frameworks */,
				F2D945DFBC764461B39F0C16 /* libPods.a in Frameworks */,
			);
			runOnlyForDeploymentPostprocessing = 0;
		};
/* End PBXFrameworksBuildPhase section */

/* Begin PBXGroup section */
		E5358F5A15B2A8BB00FFAAF3 /* Resources */ = {
			isa = PBXGroup;
			children = (
				E5B1EDCC15B7BB6B0089CC77 /* images */,
				E5B1EDC415B6C5C50089CC77 /* green.png */,
				E5B1EDC515B6C5C50089CC77 /* orange.png */,
				E5B1EDC615B6C5C50089CC77 /* red.png */,
				E5D88EBF15B68C6D0040F94B /* p0.png */,
				E5D88EC015B68C6D0040F94B /* p1.png */,
				E5D88EBD15B68AF40040F94B /* rebel.png */,
				E5D88EBB15B67FC60040F94B /* dirty_old_shirt.png */,
				E5D88EAD15B51BFF0040F94B /* wood_pattern.png */,
				E5358FB615B35BF800FFAAF3 /* ButtonMenu.png */,
				E5358FB715B35BF800FFAAF3 /* ButtonMenu@2x.png */,
				E5358F8E15B2CEAD00FFAAF3 /* arrow.png */,
				E5358F7715B2B76E00FFAAF3 /* background.png */,
				E5358F7815B2B76E00FFAAF3 /* background@2x.png */,
				E5358F6115B2B0B900FFAAF3 /* blackArrow.png */,
				E5358F6215B2B0B900FFAAF3 /* blackArrow@2x.png */,
				E5358F6315B2B0B900FFAAF3 /* blueArrow.png */,
				E5358F6415B2B0B900FFAAF3 /* blueArrow@2x.png */,
				E5358F5B15B2A8BB00FFAAF3 /* gplaypattern.png */,
			);
			path = Resources;
			sourceTree = "<group>";
		};
		E5358FD615B378CA00FFAAF3 /* ZUUIRevealController */ = {
			isa = PBXGroup;
			children = (
				E5358FD715B378CA00FFAAF3 /* ZUUIRevealController.h */,
				E5358FD815B378CA00FFAAF3 /* ZUUIRevealController.m */,
			);
			path = ZUUIRevealController;
			sourceTree = "<group>";
		};
		E5358FDA15B378DD00FFAAF3 /* DACircularProgress */ = {
			isa = PBXGroup;
			children = (
				E5358FDB15B378DD00FFAAF3 /* DACircularProgressView.h */,
				E5358FDC15B378DD00FFAAF3 /* DACircularProgressView.m */,
			);
			path = DACircularProgress;
			sourceTree = "<group>";
		};
		E5358FEF15B39E5500FFAAF3 /* Boxes */ = {
			isa = PBXGroup;
			children = (
				E5358FE315B38FB700FFAAF3 /* PUPromptBox.h */,
				E5D88EAA15B4F7160040F94B /* ImageBox.h */,
				E5B1EDC115B6BAAB0089CC77 /* FilterBox.h */,
				E5D88EB215B530880040F94B /* MGImageView.h */,
				E5358FE415B38FB800FFAAF3 /* PUPromptBox.m */,
				E5D88EB815B544B40040F94B /* SearchBox.h */,
				E5D88EAB15B4F7160040F94B /* ImageBox.m */,
				E5B1EDC215B6BAAB0089CC77 /* FilterBox.m */,
				E5D88EB315B530880040F94B /* MGImageView.m */,
				E5D88EB915B544B40040F94B /* SearchBox.m */,
			);
			name = Boxes;
			sourceTree = "<group>";
		};
		E5358FF015B39E7B00FFAAF3 /* Centers */ = {
			isa = PBXGroup;
			children = (
				E5358FF115B39F3300FFAAF3 /* PromptCenter.h */,
				E5358FF215B39F3300FFAAF3 /* PromptCenter.m */,
			);
			name = Centers;
			sourceTree = "<group>";
		};
		E5898BC115B1F97A005EBEE0 = {
			isa = PBXGroup;
			children = (
				E5898BD615B1F97B005EBEE0 /* Promptu */,
				E5898BCF15B1F97B005EBEE0 /* Frameworks */,
				E5898BCD15B1F97B005EBEE0 /* Products */,
				E598126B15B2931B00D2EC95 /* Libraries */,
				E5358F5A15B2A8BB00FFAAF3 /* Resources */,
				33ED468521CB4778A782B352 /* Pods.xcconfig */,
			);
			sourceTree = "<group>";
		};
		E5898BCD15B1F97B005EBEE0 /* Products */ = {
			isa = PBXGroup;
			children = (
				E5898BCC15B1F97B005EBEE0 /* Promptu.app */,
			);
			name = Products;
			sourceTree = "<group>";
		};
		E5898BCF15B1F97B005EBEE0 /* Frameworks */ = {
			isa = PBXGroup;
			children = (
				E598127B15B29BA800D2EC95 /* QuartzCore.framework */,
				E5898BD015B1F97B005EBEE0 /* UIKit.framework */,
				E5898BD215B1F97B005EBEE0 /* Foundation.framework */,
				E5898BD415B1F97B005EBEE0 /* CoreGraphics.framework */,
				26C7D8B792B34516A64B2414 /* libPods.a */,
			);
			name = Frameworks;
			sourceTree = "<group>";
		};
		E5898BD615B1F97B005EBEE0 /* Promptu */ = {
			isa = PBXGroup;
			children = (
				E5898BDF15B1F97B005EBEE0 /* PromptAppDelegate.h */,
				E5898BE015B1F97B005EBEE0 /* PromptAppDelegate.m */,
				E5358FEF15B39E5500FFAAF3 /* Boxes */,
				E598125615B2417C00D2EC95 /* Model */,
				E5898BF615B1FF6D005EBEE0 /* ViewControllers */,
				E5358FF015B39E7B00FFAAF3 /* Centers */,
				E5898BF215B1FF11005EBEE0 /* API */,
				E5898BED15B1F9B2005EBEE0 /* Util */,
				E5898BD715B1F97B005EBEE0 /* Supporting Files */,
			);
			path = Promptu;
			sourceTree = "<group>";
		};
		E5898BD715B1F97B005EBEE0 /* Supporting Files */ = {
			isa = PBXGroup;
			children = (
				E5898BD815B1F97B005EBEE0 /* Promptu-Info.plist */,
				E5898BD915B1F97B005EBEE0 /* InfoPlist.strings */,
				E5898BDC15B1F97B005EBEE0 /* main.m */,
				E5898BDE15B1F97B005EBEE0 /* Promptu-Prefix.pch */,
				E5358F5615B2A48F00FFAAF3 /* PUConstants.h */,
			);
			name = "Supporting Files";
			sourceTree = "<group>";
		};
		E5898BED15B1F9B2005EBEE0 /* Util */ = {
			isa = PBXGroup;
			children = (
				E5898BEF15B1F9DD005EBEE0 /* Singleton.h */,
				E598126515B28F3500D2EC95 /* NSString+Helper.h */,
				E598126815B28F9800D2EC95 /* NSData+Helper.h */,
				E5D88EAF15B520DF0040F94B /* UIColor+CreateMethods.h */,
				E5B1EF2715BB77320089CC77 /* UILabelStrikethrough.h */,
				E5898BF015B1F9DD005EBEE0 /* Singleton.m */,
				E598126615B28F3500D2EC95 /* NSString+Helper.m */,
				E598126915B28F9800D2EC95 /* NSData+Helper.m */,
				E5D88EB015B520DF0040F94B /* UIColor+CreateMethods.m */,
				E5B1EF2815BB77320089CC77 /* UILabelStrikethrough.m */,
			);
			name = Util;
			sourceTree = "<group>";
		};
		E5898BF215B1FF11005EBEE0 /* API */ = {
			isa = PBXGroup;
			children = (
				E5898BF315B1FF45005EBEE0 /* PromptAPI.h */,
				E5898BF415B1FF45005EBEE0 /* PromptAPI.m */,
			);
			name = API;
			sourceTree = "<group>";
		};
		E5898BF615B1FF6D005EBEE0 /* ViewControllers */ = {
			isa = PBXGroup;
			children = (
				E598126D15B2931B00D2EC95 /* RefreshViewController.h */,
				E5898BE215B1F97B005EBEE0 /* PromptViewController.h */,
				E5358FAE15B3372600FFAAF3 /* MenuViewController.h */,
				E5358FB315B3373900FFAAF3 /* RevealController.h */,
				E598126E15B2931B00D2EC95 /* RefreshViewController.m */,
				E5898BE315B1F97B005EBEE0 /* PromptViewController.m */,
				E5358FAF15B3372600FFAAF3 /* MenuViewController.m */,
				E5358FB415B3373900FFAAF3 /* RevealController.m */,
				E5898BE515B1F97B005EBEE0 /* PromptViewController.xib */,
				E5358FB015B3372600FFAAF3 /* MenuViewController.xib */,
				E5358FE015B382D700FFAAF3 /* NavBar.xib */,
			);
			name = ViewControllers;
			sourceTree = "<group>";
		};
		E598125615B2417C00D2EC95 /* Model */ = {
			isa = PBXGroup;
			children = (
				E598125B15B2454600D2EC95 /* PUPrompt.h */,
				E598125E15B2490E00D2EC95 /* PUUser.h */,
				E598125C15B2454600D2EC95 /* PUPrompt.m */,
				E598125F15B2490E00D2EC95 /* PUUser.m */,
			);
			name = Model;
			sourceTree = "<group>";
		};
		E598126B15B2931B00D2EC95 /* Libraries */ = {
			isa = PBXGroup;
			children = (
				E5B1EE2D15B864610089CC77 /* PrettyKit */,
				E5B1EDBA15B6BA4C0089CC77 /* ios-filter-control */,
				E5D88EC315B6918A0040F94B /* iphone-libs */,
				E5D88E9415B3E3470040F94B /* MGBox */,
				E5358FDA15B378DD00FFAAF3 /* DACircularProgress */,
				E5358FD615B378CA00FFAAF3 /* ZUUIRevealController */,
				E598126C15B2931B00D2EC95 /* IOSBoilerplate */,
			);
			path = Libraries;
			sourceTree = "<group>";
		};
		E598126C15B2931B00D2EC95 /* IOSBoilerplate */ = {
			isa = PBXGroup;
			children = (
				E598127015B2937C00D2EC95 /* EGORefreshTableHeaderView.h */,
				E598127115B2937C00D2EC95 /* EGORefreshTableHeaderView.m */,
			);
			path = IOSBoilerplate;
			sourceTree = "<group>";
		};
		E5B1EDBA15B6BA4C0089CC77 /* ios-filter-control */ = {
			isa = PBXGroup;
			children = (
				E5B1EDBB15B6BA4C0089CC77 /* SEFilterControl.h */,
				E5B1EDBC15B6BA4C0089CC77 /* SEFilterControl.m */,
				E5B1EDBD15B6BA4C0089CC77 /* SEFilterKnob.h */,
				E5B1EDBE15B6BA4C0089CC77 /* SEFilterKnob.m */,
			);
			path = "ios-filter-control";
			sourceTree = "<group>";
		};
		E5B1EDCC15B7BB6B0089CC77 /* images */ = {
			isa = PBXGroup;
			children = (
				E5B1EDCD15B7BB6B0089CC77 /* icon-check-black.png */,
				E5B1EDCE15B7BB6B0089CC77 /* icon-check-empty-black.png */,
				E5B1EDCF15B7BB6B0089CC77 /* icon-check-empty-grey.png */,
				E5B1EDD015B7BB6B0089CC77 /* icon-check-empty-white.png */,
				E5B1EDD115B7BB6B0089CC77 /* icon-check-grey.png */,
				E5B1EDD215B7BB6B0089CC77 /* icon-check-white.png */,
				E5B1EDD315B7BB6B0089CC77 /* icon-cog-black.png */,
				E5B1EDD415B7BB6B0089CC77 /* icon-cog-grey.png */,
				E5B1EDD515B7BB6B0089CC77 /* icon-cog-white.png */,
				E5B1EDD615B7BB6B0089CC77 /* icon-facebook-black.png */,
				E5B1EDD715B7BB6B0089CC77 /* icon-facebook-grey.png */,
				E5B1EDD815B7BB6B0089CC77 /* icon-facebook-white.png */,
				E5B1EDD915B7BB6B0089CC77 /* icon-group-black.png */,
				E5B1EDDA15B7BB6B0089CC77 /* icon-group-grey.png */,
				E5B1EDDB15B7BB6B0089CC77 /* icon-group-white.png */,
				E5B1EDDC15B7BB6B0089CC77 /* icon-home-black.png */,
				E5B1EDDD15B7BB6B0089CC77 /* icon-home-grey.png */,
				E5B1EDDE15B7BB6B0089CC77 /* icon-home-white.png */,
				E5B1EDDF15B7BB6B0089CC77 /* icon-inbox-black.png */,
				E5B1EDE015B7BB6B0089CC77 /* icon-inbox-grey.png */,
				E5B1EDE115B7BB6B0089CC77 /* icon-inbox-white.png */,
				E5B1EDE215B7BB6B0089CC77 /* icon-list-ul-black.png */,
				E5B1EDE315B7BB6B0089CC77 /* icon-list-ul-grey.png */,
				E5B1EDE415B7BB6B0089CC77 /* icon-list-ul-white.png */,
				E5B1EDE515B7BB6B0089CC77 /* icon-pushpin-black.png */,
				E5B1EDE615B7BB6B0089CC77 /* icon-pushpin-grey.png */,
				E5B1EDE715B7BB6B0089CC77 /* icon-pushpin-white.png */,
				E5B1EDE815B7BB6B0089CC77 /* icon-random-black.png */,
				E5B1EDE915B7BB6B0089CC77 /* icon-random-grey.png */,
				E5B1EDEA15B7BB6B0089CC77 /* icon-random-white.png */,
				E5B1EDEB15B7BB6B0089CC77 /* icon-search-black.png */,
				E5B1EDEC15B7BB6B0089CC77 /* icon-search-grey.png */,
				E5B1EDED15B7BB6B0089CC77 /* icon-search-white.png */,
				E5B1EDEE15B7BB6B0089CC77 /* icon-sort-black.png */,
				E5B1EDEF15B7BB6B0089CC77 /* icon-sort-down-black.png */,
				E5B1EDF015B7BB6B0089CC77 /* icon-sort-down-grey.png */,
				E5B1EDF115B7BB6C0089CC77 /* icon-sort-down-white.png */,
				E5B1EDF215B7BB6C0089CC77 /* icon-sort-grey.png */,
				E5B1EDF315B7BB6C0089CC77 /* icon-sort-up-black.png */,
				E5B1EDF415B7BB6C0089CC77 /* icon-sort-up-grey.png */,
				E5B1EDF515B7BB6C0089CC77 /* icon-sort-up-white.png */,
				E5B1EDF615B7BB6C0089CC77 /* icon-sort-white.png */,
				E5B1EDF715B7BB6C0089CC77 /* icon-twitter-black.png */,
				E5B1EDF815B7BB6C0089CC77 /* icon-twitter-grey.png */,
				E5B1EDF915B7BB6C0089CC77 /* icon-twitter-white.png */,
				E5B1EDFA15B7BB6C0089CC77 /* icons-black.png */,
				E5B1EDFB15B7BB6C0089CC77 /* icons-grey.png */,
				E5B1EDFC15B7BB6C0089CC77 /* icons-white.png */,
			);
			name = images;
			path = promptu.bundle/images;
			sourceTree = "<group>";
		};
		E5B1EE2D15B864610089CC77 /* PrettyKit */ = {
			isa = PBXGroup;
			children = (
				E5B1EE2E15B864620089CC77 /* PrettyToolbar.h */,
				E5B1EE2F15B864620089CC77 /* PrettyToolbar.m */,
			);
			path = PrettyKit;
			sourceTree = "<group>";
		};
		E5D88E9415B3E3470040F94B /* MGBox */ = {
			isa = PBXGroup;
			children = (
				E5D88EB515B53EAE0040F94B /* MGScrollView.h */,
				E5D88EB615B53EAE0040F94B /* MGScrollView.m */,
				E5D88E9515B3E3470040F94B /* MGBox.h */,
				E5D88E9615B3E3470040F94B /* MGBox.m */,
				E5D88E9715B3E3470040F94B /* MGBoxLine.h */,
				E5D88E9815B3E3470040F94B /* MGBoxLine.m */,
				E5D88E9915B3E3470040F94B /* MGBoxProtocol.h */,
				E5D88E9A15B3E3470040F94B /* MGButton.h */,
				E5D88E9B15B3E3470040F94B /* MGButton.m */,
				E5D88E9E15B3E3470040F94B /* MGStyledBox.h */,
				E5D88E9F15B3E3470040F94B /* MGStyledBox.m */,
			);
			path = MGBox;
			sourceTree = "<group>";
		};
		E5D88EC315B6918A0040F94B /* iphone-libs */ = {
			isa = PBXGroup;
			children = (
				E5B1EDB315B6A03B0089CC77 /* BadgeLabel.h */,
				E5B1EDB415B6A03B0089CC77 /* BadgeLabel.m */,
				E5B1EDAF15B69D6A0089CC77 /* BlueBadge.h */,
				E5B1EDB015B69D6A0089CC77 /* BlueBadge.m */,
				E5D88EC415B6918A0040F94B /* TextBadge.h */,
				E5D88EC515B6918A0040F94B /* TextBadge.m */,
			);
			path = "iphone-libs";
			sourceTree = "<group>";
		};
/* End PBXGroup section */

/* Begin PBXNativeTarget section */
		E5898BCB15B1F97B005EBEE0 /* Promptu */ = {
			isa = PBXNativeTarget;
			buildConfigurationList = E5898BEA15B1F97B005EBEE0 /* Build configuration list for PBXNativeTarget "Promptu" */;
			buildPhases = (
				E5898BC815B1F97B005EBEE0 /* Sources */,
				E5898BC915B1F97B005EBEE0 /* Frameworks */,
				E5898BCA15B1F97B005EBEE0 /* Resources */,
				E12640A0B4664D408AE29C80 /* Copy Pods Resources */,
			);
			buildRules = (
			);
			dependencies = (
			);
			name = Promptu;
			productName = Promptu;
			productReference = E5898BCC15B1F97B005EBEE0 /* Promptu.app */;
			productType = "com.apple.product-type.application";
		};
/* End PBXNativeTarget section */

/* Begin PBXProject section */
		E5898BC315B1F97A005EBEE0 /* Project object */ = {
			isa = PBXProject;
			attributes = {
				CLASSPREFIX = PU;
				LastUpgradeCheck = 0430;
			};
			buildConfigurationList = E5898BC615B1F97A005EBEE0 /* Build configuration list for PBXProject "Promptu" */;
			compatibilityVersion = "Xcode 3.2";
			developmentRegion = English;
			hasScannedForEncodings = 0;
			knownRegions = (
				en,
			);
			mainGroup = E5898BC115B1F97A005EBEE0;
			productRefGroup = E5898BCD15B1F97B005EBEE0 /* Products */;
			projectDirPath = "";
			projectRoot = "";
			targets = (
				E5898BCB15B1F97B005EBEE0 /* Promptu */,
			);
		};
/* End PBXProject section */

/* Begin PBXResourcesBuildPhase section */
		E5898BCA15B1F97B005EBEE0 /* Resources */ = {
			isa = PBXResourcesBuildPhase;
			buildActionMask = 2147483647;
			files = (
				E5898BDB15B1F97B005EBEE0 /* InfoPlist.strings in Resources */,
				E5898BE715B1F97B005EBEE0 /* PromptViewController.xib in Resources */,
				E5358F5C15B2A8BB00FFAAF3 /* gplaypattern.png in Resources */,
				E5358F6515B2B0B900FFAAF3 /* blackArrow.png in Resources */,
				E5358F6615B2B0B900FFAAF3 /* blackArrow@2x.png in Resources */,
				E5358F6715B2B0B900FFAAF3 /* blueArrow.png in Resources */,
				E5358F6815B2B0B900FFAAF3 /* blueArrow@2x.png in Resources */,
				E5358F7915B2B76E00FFAAF3 /* background.png in Resources */,
				E5358F7A15B2B76E00FFAAF3 /* background@2x.png in Resources */,
				E5358F8F15B2CEAD00FFAAF3 /* arrow.png in Resources */,
				E5358FB215B3372600FFAAF3 /* MenuViewController.xib in Resources */,
				E5358FB815B35BF800FFAAF3 /* ButtonMenu.png in Resources */,
				E5358FB915B35BF800FFAAF3 /* ButtonMenu@2x.png in Resources */,
				E5358FE215B382D700FFAAF3 /* NavBar.xib in Resources */,
				E5D88EAE15B51BFF0040F94B /* wood_pattern.png in Resources */,
				E5D88EBC15B67FC60040F94B /* dirty_old_shirt.png in Resources */,
				E5D88EBE15B68AF40040F94B /* rebel.png in Resources */,
				E5D88EC115B68C6E0040F94B /* p0.png in Resources */,
				E5D88EC215B68C6E0040F94B /* p1.png in Resources */,
				E5B1EDC715B6C5C50089CC77 /* green.png in Resources */,
				E5B1EDC815B6C5C50089CC77 /* orange.png in Resources */,
				E5B1EDC915B6C5C50089CC77 /* red.png in Resources */,
				E5B1EDFD15B7BB6C0089CC77 /* icon-check-black.png in Resources */,
				E5B1EDFE15B7BB6C0089CC77 /* icon-check-empty-black.png in Resources */,
				E5B1EDFF15B7BB6C0089CC77 /* icon-check-empty-grey.png in Resources */,
				E5B1EE0015B7BB6C0089CC77 /* icon-check-empty-white.png in Resources */,
				E5B1EE0115B7BB6C0089CC77 /* icon-check-grey.png in Resources */,
				E5B1EE0215B7BB6C0089CC77 /* icon-check-white.png in Resources */,
				E5B1EE0315B7BB6C0089CC77 /* icon-cog-black.png in Resources */,
				E5B1EE0415B7BB6C0089CC77 /* icon-cog-grey.png in Resources */,
				E5B1EE0515B7BB6C0089CC77 /* icon-cog-white.png in Resources */,
				E5B1EE0615B7BB6C0089CC77 /* icon-facebook-black.png in Resources */,
				E5B1EE0715B7BB6C0089CC77 /* icon-facebook-grey.png in Resources */,
				E5B1EE0815B7BB6C0089CC77 /* icon-facebook-white.png in Resources */,
				E5B1EE0915B7BB6C0089CC77 /* icon-group-black.png in Resources */,
				E5B1EE0A15B7BB6C0089CC77 /* icon-group-grey.png in Resources */,
				E5B1EE0B15B7BB6C0089CC77 /* icon-group-white.png in Resources */,
				E5B1EE0C15B7BB6C0089CC77 /* icon-home-black.png in Resources */,
				E5B1EE0D15B7BB6C0089CC77 /* icon-home-grey.png in Resources */,
				E5B1EE0E15B7BB6C0089CC77 /* icon-home-white.png in Resources */,
				E5B1EE0F15B7BB6C0089CC77 /* icon-inbox-black.png in Resources */,
				E5B1EE1015B7BB6C0089CC77 /* icon-inbox-grey.png in Resources */,
				E5B1EE1115B7BB6C0089CC77 /* icon-inbox-white.png in Resources */,
				E5B1EE1215B7BB6C0089CC77 /* icon-list-ul-black.png in Resources */,
				E5B1EE1315B7BB6C0089CC77 /* icon-list-ul-grey.png in Resources */,
				E5B1EE1415B7BB6C0089CC77 /* icon-list-ul-white.png in Resources */,
				E5B1EE1515B7BB6C0089CC77 /* icon-pushpin-black.png in Resources */,
				E5B1EE1615B7BB6C0089CC77 /* icon-pushpin-grey.png in Resources */,
				E5B1EE1715B7BB6C0089CC77 /* icon-pushpin-white.png in Resources */,
				E5B1EE1815B7BB6C0089CC77 /* icon-random-black.png in Resources */,
				E5B1EE1915B7BB6C0089CC77 /* icon-random-grey.png in Resources */,
				E5B1EE1A15B7BB6C0089CC77 /* icon-random-white.png in Resources */,
				E5B1EE1B15B7BB6C0089CC77 /* icon-search-black.png in Resources */,
				E5B1EE1C15B7BB6C0089CC77 /* icon-search-grey.png in Resources */,
				E5B1EE1D15B7BB6C0089CC77 /* icon-search-white.png in Resources */,
				E5B1EE1E15B7BB6C0089CC77 /* icon-sort-black.png in Resources */,
				E5B1EE1F15B7BB6C0089CC77 /* icon-sort-down-black.png in Resources */,
				E5B1EE2015B7BB6C0089CC77 /* icon-sort-down-grey.png in Resources */,
				E5B1EE2115B7BB6C0089CC77 /* icon-sort-down-white.png in Resources */,
				E5B1EE2215B7BB6C0089CC77 /* icon-sort-grey.png in Resources */,
				E5B1EE2315B7BB6C0089CC77 /* icon-sort-up-black.png in Resources */,
				E5B1EE2415B7BB6C0089CC77 /* icon-sort-up-grey.png in Resources */,
				E5B1EE2515B7BB6C0089CC77 /* icon-sort-up-white.png in Resources */,
				E5B1EE2615B7BB6C0089CC77 /* icon-sort-white.png in Resources */,
				E5B1EE2715B7BB6C0089CC77 /* icon-twitter-black.png in Resources */,
				E5B1EE2815B7BB6C0089CC77 /* icon-twitter-grey.png in Resources */,
				E5B1EE2915B7BB6C0089CC77 /* icon-twitter-white.png in Resources */,
				E5B1EE2A15B7BB6C0089CC77 /* icons-black.png in Resources */,
				E5B1EE2B15B7BB6C0089CC77 /* icons-grey.png in Resources */,
				E5B1EE2C15B7BB6C0089CC77 /* icons-white.png in Resources */,
			);
			runOnlyForDeploymentPostprocessing = 0;
		};
/* End PBXResourcesBuildPhase section */

/* Begin PBXShellScriptBuildPhase section */
		E12640A0B4664D408AE29C80 /* Copy Pods Resources */ = {
			isa = PBXShellScriptBuildPhase;
			buildActionMask = 2147483647;
			files = (
			);
			inputPaths = (
			);
			name = "Copy Pods Resources";
			outputPaths = (
			);
			runOnlyForDeploymentPostprocessing = 0;
			shellPath = /bin/sh;
			shellScript = "\"${SRCROOT}/Pods/Pods-resources.sh\"\n";
		};
/* End PBXShellScriptBuildPhase section */

/* Begin PBXSourcesBuildPhase section */
		E5898BC815B1F97B005EBEE0 /* Sources */ = {
			isa = PBXSourcesBuildPhase;
			buildActionMask = 2147483647;
			files = (
				E5898BDD15B1F97B005EBEE0 /* main.m in Sources */,
				E5898BE115B1F97B005EBEE0 /* PromptAppDelegate.m in Sources */,
				E5898BE415B1F97B005EBEE0 /* PromptViewController.m in Sources */,
				E5898BF115B1F9DD005EBEE0 /* Singleton.m in Sources */,
				E5898BF515B1FF45005EBEE0 /* PromptAPI.m in Sources */,
				E598125D15B2454600D2EC95 /* PUPrompt.m in Sources */,
				E598126015B2490E00D2EC95 /* PUUser.m in Sources */,
				E598126715B28F3500D2EC95 /* NSString+Helper.m in Sources */,
				E598126A15B28F9800D2EC95 /* NSData+Helper.m in Sources */,
				E598126F15B2931B00D2EC95 /* RefreshViewController.m in Sources */,
				E598127215B2937C00D2EC95 /* EGORefreshTableHeaderView.m in Sources */,
				E5358FB115B3372600FFAAF3 /* MenuViewController.m in Sources */,
				E5358FB515B3373900FFAAF3 /* RevealController.m in Sources */,
				E5358FD915B378CA00FFAAF3 /* ZUUIRevealController.m in Sources */,
				E5358FDD15B378DD00FFAAF3 /* DACircularProgressView.m in Sources */,
				E5358FE515B38FB800FFAAF3 /* PUPromptBox.m in Sources */,
				E5358FF315B39F3300FFAAF3 /* PromptCenter.m in Sources */,
				E5D88EA015B3E3470040F94B /* MGBox.m in Sources */,
				E5D88EA115B3E3470040F94B /* MGBoxLine.m in Sources */,
				E5D88EA215B3E3470040F94B /* MGButton.m in Sources */,
				E5D88EA415B3E3470040F94B /* MGStyledBox.m in Sources */,
				E5D88EAC15B4F7160040F94B /* ImageBox.m in Sources */,
				E5D88EB115B520DF0040F94B /* UIColor+CreateMethods.m in Sources */,
				E5D88EB415B530880040F94B /* MGImageView.m in Sources */,
				E5D88EB715B53EAE0040F94B /* MGScrollView.m in Sources */,
				E5D88EBA15B544B40040F94B /* SearchBox.m in Sources */,
				E5D88EC615B6918A0040F94B /* TextBadge.m in Sources */,
				E5B1EDB115B69D6A0089CC77 /* BlueBadge.m in Sources */,
				E5B1EDB515B6A03C0089CC77 /* BadgeLabel.m in Sources */,
				E5B1EDBF15B6BA4C0089CC77 /* SEFilterControl.m in Sources */,
				E5B1EDC015B6BA4C0089CC77 /* SEFilterKnob.m in Sources */,
				E5B1EDC315B6BAAB0089CC77 /* FilterBox.m in Sources */,
				E5B1EE3015B864620089CC77 /* PrettyToolbar.m in Sources */,
				E5B1EF2915BB77330089CC77 /* UILabelStrikethrough.m in Sources */,
			);
			runOnlyForDeploymentPostprocessing = 0;
		};
/* End PBXSourcesBuildPhase section */

/* Begin PBXVariantGroup section */
		E5898BD915B1F97B005EBEE0 /* InfoPlist.strings */ = {
			isa = PBXVariantGroup;
			children = (
				E5898BDA15B1F97B005EBEE0 /* en */,
			);
			name = InfoPlist.strings;
			sourceTree = "<group>";
		};
		E5898BE515B1F97B005EBEE0 /* PromptViewController.xib */ = {
			isa = PBXVariantGroup;
			children = (
				E5898BE615B1F97B005EBEE0 /* en */,
			);
			name = PromptViewController.xib;
			sourceTree = "<group>";
		};
/* End PBXVariantGroup section */

/* Begin XCBuildConfiguration section */
		E5898BE815B1F97B005EBEE0 /* Debug */ = {
			isa = XCBuildConfiguration;
			buildSettings = {
				ALWAYS_SEARCH_USER_PATHS = NO;
				ARCHS = "$(ARCHS_STANDARD_32_BIT)";
				"CODE_SIGN_IDENTITY[sdk=iphoneos*]" = "iPhone Developer";
				COPY_PHASE_STRIP = NO;
				GCC_C_LANGUAGE_STANDARD = gnu99;
				GCC_DYNAMIC_NO_PIC = NO;
				GCC_OPTIMIZATION_LEVEL = 0;
				GCC_PREPROCESSOR_DEFINITIONS = (
					"DEBUG=1",
					"$(inherited)",
				);
				GCC_SYMBOLS_PRIVATE_EXTERN = NO;
				GCC_VERSION = com.apple.compilers.llvm.clang.1_0;
				GCC_WARN_ABOUT_RETURN_TYPE = YES;
				GCC_WARN_UNINITIALIZED_AUTOS = YES;
				GCC_WARN_UNUSED_VARIABLE = YES;
				IPHONEOS_DEPLOYMENT_TARGET = 5.1;
				SDKROOT = iphoneos;
			};
			name = Debug;
		};
		E5898BE915B1F97B005EBEE0 /* Release */ = {
			isa = XCBuildConfiguration;
			buildSettings = {
				ALWAYS_SEARCH_USER_PATHS = NO;
				ARCHS = "$(ARCHS_STANDARD_32_BIT)";
				"CODE_SIGN_IDENTITY[sdk=iphoneos*]" = "iPhone Developer";
				COPY_PHASE_STRIP = YES;
				GCC_C_LANGUAGE_STANDARD = gnu99;
				GCC_VERSION = com.apple.compilers.llvm.clang.1_0;
				GCC_WARN_ABOUT_RETURN_TYPE = YES;
				GCC_WARN_UNINITIALIZED_AUTOS = YES;
				GCC_WARN_UNUSED_VARIABLE = YES;
				IPHONEOS_DEPLOYMENT_TARGET = 5.1;
				OTHER_CFLAGS = "-DNS_BLOCK_ASSERTIONS=1";
				SDKROOT = iphoneos;
				VALIDATE_PRODUCT = YES;
			};
			name = Release;
		};
		E5898BEB15B1F97B005EBEE0 /* Debug */ = {
			isa = XCBuildConfiguration;
			baseConfigurationReference = 33ED468521CB4778A782B352 /* Pods.xcconfig */;
			buildSettings = {
				CODE_SIGN_IDENTITY = "iPhone Developer: Brandon Millman (U4NQP58Q7Z)";
				"CODE_SIGN_IDENTITY[sdk=iphoneos*]" = "iPhone Developer: Brandon Millman (U4NQP58Q7Z)";
				GCC_PRECOMPILE_PREFIX_HEADER = YES;
				GCC_PREFIX_HEADER = "Promptu/Promptu-Prefix.pch";
				INFOPLIST_FILE = "Promptu/Promptu-Info.plist";
				IPHONEOS_DEPLOYMENT_TARGET = 5.0;
				PRODUCT_NAME = "$(TARGET_NAME)";
				PROVISIONING_PROFILE = "CB84780E-EEBB-45A5-8E51-98C4C5144C09";
				"PROVISIONING_PROFILE[sdk=iphoneos*]" = "CB84780E-EEBB-45A5-8E51-98C4C5144C09";
				VALIDATE_PRODUCT = NO;
				WRAPPER_EXTENSION = app;
			};
			name = Debug;
		};
		E5898BEC15B1F97B005EBEE0 /* Release */ = {
			isa = XCBuildConfiguration;
			baseConfigurationReference = 33ED468521CB4778A782B352 /* Pods.xcconfig */;
			buildSettings = {
				CODE_SIGN_IDENTITY = "iPhone Developer: Brandon Millman (U4NQP58Q7Z)";
				"CODE_SIGN_IDENTITY[sdk=iphoneos*]" = "iPhone Developer: Brandon Millman (U4NQP58Q7Z)";
				GCC_PRECOMPILE_PREFIX_HEADER = YES;
				GCC_PREFIX_HEADER = "Promptu/Promptu-Prefix.pch";
				INFOPLIST_FILE = "Promptu/Promptu-Info.plist";
				IPHONEOS_DEPLOYMENT_TARGET = 5.0;
				PRODUCT_NAME = "$(TARGET_NAME)";
				PROVISIONING_PROFILE = "CB84780E-EEBB-45A5-8E51-98C4C5144C09";
				"PROVISIONING_PROFILE[sdk=iphoneos*]" = "CB84780E-EEBB-45A5-8E51-98C4C5144C09";
				VALIDATE_PRODUCT = YES;
				WRAPPER_EXTENSION = app;
			};
			name = Release;
		};
/* End XCBuildConfiguration section */

/* Begin XCConfigurationList section */
		E5898BC615B1F97A005EBEE0 /* Build configuration list for PBXProject "Promptu" */ = {
			isa = XCConfigurationList;
			buildConfigurations = (
				E5898BE815B1F97B005EBEE0 /* Debug */,
				E5898BE915B1F97B005EBEE0 /* Release */,
			);
			defaultConfigurationIsVisible = 0;
			defaultConfigurationName = Release;
		};
		E5898BEA15B1F97B005EBEE0 /* Build configuration list for PBXNativeTarget "Promptu" */ = {
			isa = XCConfigurationList;
			buildConfigurations = (
				E5898BEB15B1F97B005EBEE0 /* Debug */,
				E5898BEC15B1F97B005EBEE0 /* Release */,
			);
			defaultConfigurationIsVisible = 0;
			defaultConfigurationName = Release;
		};
/* End XCConfigurationList section */
	};
	rootObject = E5898BC315B1F97A005EBEE0 /* Project object */;
}
